// !$*UTF8*$!
{
	archiveVersion = 1;
	classes = {
	};
	objectVersion = 52;
	objects = {

/* Begin PBXBuildFile section */
		7807B3F328DDAF7300404897 /* MUXSDKStats in Frameworks */ = {isa = PBXBuildFile; productRef = 7807B3F228DDAF7300404897 /* MUXSDKStats */; };
		781C374025187CA60094C2C6 /* UIViewController+Extension.swift in Sources */ = {isa = PBXBuildFile; fileRef = 781C373F25187CA60094C2C6 /* UIViewController+Extension.swift */; };
		781C3873251A1AF70094C2C6 /* RootViewController.swift in Sources */ = {isa = PBXBuildFile; fileRef = 781C3872251A1AF70094C2C6 /* RootViewController.swift */; };
		7825E70E27633DB000DC4FA7 /* ContentProposalViewController.swift in Sources */ = {isa = PBXBuildFile; fileRef = 7825E70D27633DB000DC4FA7 /* ContentProposalViewController.swift */; };
		7825E71427633E3C00DC4FA7 /* UIView+Anchor.swift in Sources */ = {isa = PBXBuildFile; fileRef = 78C251542513A045001ED9E3 /* UIView+Anchor.swift */; };
		7825E7182763400F00DC4FA7 /* PlayerAssetDataSource.swift in Sources */ = {isa = PBXBuildFile; fileRef = 7825E7172763400F00DC4FA7 /* PlayerAssetDataSource.swift */; };
		7825E7192763400F00DC4FA7 /* PlayerAssetDataSource.swift in Sources */ = {isa = PBXBuildFile; fileRef = 7825E7172763400F00DC4FA7 /* PlayerAssetDataSource.swift */; };
		7825E71D2763405400DC4FA7 /* AssetViewModel.swift in Sources */ = {isa = PBXBuildFile; fileRef = 7825E71C2763405400DC4FA7 /* AssetViewModel.swift */; };
		7825E71E2763405400DC4FA7 /* AssetViewModel.swift in Sources */ = {isa = PBXBuildFile; fileRef = 7825E71C2763405400DC4FA7 /* AssetViewModel.swift */; };
		783703E9274E2CDE00EC1F26 /* AppDelegate.swift in Sources */ = {isa = PBXBuildFile; fileRef = 783703E8274E2CDE00EC1F26 /* AppDelegate.swift */; };
		783703EE274E2CDE00EC1F26 /* Main.storyboard in Resources */ = {isa = PBXBuildFile; fileRef = 783703EC274E2CDE00EC1F26 /* Main.storyboard */; };
		783703F0274E2CE700EC1F26 /* Assets.xcassets in Resources */ = {isa = PBXBuildFile; fileRef = 783703EF274E2CE700EC1F26 /* Assets.xcassets */; };
		783703F3274E2CE700EC1F26 /* LaunchScreen.storyboard in Resources */ = {isa = PBXBuildFile; fileRef = 783703F1274E2CE700EC1F26 /* LaunchScreen.storyboard */; };
		7837040E274E2E8F00EC1F26 /* EnviornmentViewController.swift in Sources */ = {isa = PBXBuildFile; fileRef = 7837040D274E2E8F00EC1F26 /* EnviornmentViewController.swift */; };
		78370416274E300300EC1F26 /* LoginViewController.swift in Sources */ = {isa = PBXBuildFile; fileRef = 78370415274E300300EC1F26 /* LoginViewController.swift */; };
		7838DCBA27A025AA0052848A /* AVAudioSession+Airplay.swift in Sources */ = {isa = PBXBuildFile; fileRef = 7838DCB927A025AA0052848A /* AVAudioSession+Airplay.swift */; };
		7838DCDC27A7C5290052848A /* SampleApplication-Guide.md in Resources */ = {isa = PBXBuildFile; fileRef = 7838DCDB27A7C5290052848A /* SampleApplication-Guide.md */; };
		7838DCDD27A7C5290052848A /* SampleApplication-Guide.md in Resources */ = {isa = PBXBuildFile; fileRef = 7838DCDB27A7C5290052848A /* SampleApplication-Guide.md */; };
		7838DCDE27A7C5290052848A /* SampleApplication-Guide.md in Resources */ = {isa = PBXBuildFile; fileRef = 7838DCDB27A7C5290052848A /* SampleApplication-Guide.md */; };
		78456DF7294AF27400BC6B65 /* LNPopupController-Static in Frameworks */ = {isa = PBXBuildFile; productRef = 78456DF6294AF27400BC6B65 /* LNPopupController-Static */; };
		78456DF9294B0AA500BC6B65 /* AudioPlayerWithAVAudioEngine.swift in Sources */ = {isa = PBXBuildFile; fileRef = 78456DF8294B0AA500BC6B65 /* AudioPlayerWithAVAudioEngine.swift */; };
		784FF7B529432A970098E622 /* AudioPlayerViewController.swift in Sources */ = {isa = PBXBuildFile; fileRef = 784FF7B429432A970098E622 /* AudioPlayerViewController.swift */; };
		784FF7B8294330020098E622 /* Lottie in Frameworks */ = {isa = PBXBuildFile; productRef = 784FF7B7294330020098E622 /* Lottie */; };
		7850403E28ACCA1D0035D509 /* iOSClientCast in Frameworks */ = {isa = PBXBuildFile; productRef = 7850403D28ACCA1D0035D509 /* iOSClientCast */; };
		7850404928ACE7F60035D509 /* iOSClientCast in Frameworks */ = {isa = PBXBuildFile; productRef = 7850404828ACE7F60035D509 /* iOSClientCast */; };
		7860867728C9D61D00BC3BA1 /* iOSClientExposure in Frameworks */ = {isa = PBXBuildFile; productRef = 7860867628C9D61D00BC3BA1 /* iOSClientExposure */; };
		7860867928C9D61D00BC3BA1 /* iOSClientExposurePlayback in Frameworks */ = {isa = PBXBuildFile; productRef = 7860867828C9D61D00BC3BA1 /* iOSClientExposurePlayback */; };
		7860867D28C9F68000BC3BA1 /* iOSClientExposure in Frameworks */ = {isa = PBXBuildFile; productRef = 7860867C28C9F68000BC3BA1 /* iOSClientExposure */; };
		7860867F28C9F68000BC3BA1 /* iOSClientExposurePlayback in Frameworks */ = {isa = PBXBuildFile; productRef = 7860867E28C9F68000BC3BA1 /* iOSClientExposurePlayback */; };
		7860868128C9F68000BC3BA1 /* iOSClientPlayer in Frameworks */ = {isa = PBXBuildFile; productRef = 7860868028C9F68000BC3BA1 /* iOSClientPlayer */; };
		7860868828D088CA00BC3BA1 /* iOSClientExposureDownload in Frameworks */ = {isa = PBXBuildFile; productRef = 7860868728D088CA00BC3BA1 /* iOSClientExposureDownload */; };
		7860868A28D088D000BC3BA1 /* iOSClientDownload in Frameworks */ = {isa = PBXBuildFile; productRef = 7860868928D088D000BC3BA1 /* iOSClientDownload */; };
		7860868F28D08AAE00BC3BA1 /* iOSClientPlayer in Frameworks */ = {isa = PBXBuildFile; productRef = 7860868E28D08AAE00BC3BA1 /* iOSClientPlayer */; };
		78637F0B274E366500185D14 /* PlayerViewController.swift in Sources */ = {isa = PBXBuildFile; fileRef = 78637F0A274E366500185D14 /* PlayerViewController.swift */; };
		78B6D8C7278D751300BBD3F5 /* SDKSampleSwiftUIApp.swift in Sources */ = {isa = PBXBuildFile; fileRef = 78B6D8C6278D751300BBD3F5 /* SDKSampleSwiftUIApp.swift */; };
		78B6D8C9278D751400BBD3F5 /* ContentView.swift in Sources */ = {isa = PBXBuildFile; fileRef = 78B6D8C8278D751400BBD3F5 /* ContentView.swift */; };
		78B6D8CB278D751A00BBD3F5 /* Assets.xcassets in Resources */ = {isa = PBXBuildFile; fileRef = 78B6D8CA278D751A00BBD3F5 /* Assets.xcassets */; };
		78B6D8CE278D751A00BBD3F5 /* Preview Assets.xcassets in Resources */ = {isa = PBXBuildFile; fileRef = 78B6D8CD278D751A00BBD3F5 /* Preview Assets.xcassets */; };
		78B6D8EB278D7B2500BBD3F5 /* StorageProvider.swift in Sources */ = {isa = PBXBuildFile; fileRef = 78C2510A25139ED1001ED9E3 /* StorageProvider.swift */; };
		78B6D8F0278D7B9800BBD3F5 /* AssetView.swift in Sources */ = {isa = PBXBuildFile; fileRef = 78B6D8EF278D7B9800BBD3F5 /* AssetView.swift */; };
		78B6D900278D820E00BBD3F5 /* CustomVideoPlayer.swift in Sources */ = {isa = PBXBuildFile; fileRef = 78B6D8FF278D820E00BBD3F5 /* CustomVideoPlayer.swift */; };
		78B6D921278D842800BBD3F5 /* PlayerViewController.swift in Sources */ = {isa = PBXBuildFile; fileRef = 78B6D920278D842800BBD3F5 /* PlayerViewController.swift */; };
		78B6D925278D846600BBD3F5 /* VodBasedTimeline.swift in Sources */ = {isa = PBXBuildFile; fileRef = 78C2513F25139FD6001ED9E3 /* VodBasedTimeline.swift */; };
		78B6D929278D846800BBD3F5 /* ProgramBasedTimeline.swift in Sources */ = {isa = PBXBuildFile; fileRef = 78C2514525139FE6001ED9E3 /* ProgramBasedTimeline.swift */; };
		78B6D92D278D846D00BBD3F5 /* PlayerControls.swift in Sources */ = {isa = PBXBuildFile; fileRef = 78C2513825139FB6001ED9E3 /* PlayerControls.swift */; };
		78B6D934278D84A000BBD3F5 /* ColorScheme.swift in Sources */ = {isa = PBXBuildFile; fileRef = 78C2510425139E47001ED9E3 /* ColorScheme.swift */; };
		78B6D938278D84A400BBD3F5 /* RBMTextField.swift in Sources */ = {isa = PBXBuildFile; fileRef = 78C251A62513A135001ED9E3 /* RBMTextField.swift */; };
		78B6D93C278D84A600BBD3F5 /* RBMButton.swift in Sources */ = {isa = PBXBuildFile; fileRef = 78C251AA2513A143001ED9E3 /* RBMButton.swift */; };
		78B6D940278D84A900BBD3F5 /* RBMPlayerControlLabel.swift in Sources */ = {isa = PBXBuildFile; fileRef = 78C251AE2513A14F001ED9E3 /* RBMPlayerControlLabel.swift */; };
		78B6D94B278D84D100BBD3F5 /* UIView+Anchor.swift in Sources */ = {isa = PBXBuildFile; fileRef = 78C251542513A045001ED9E3 /* UIView+Anchor.swift */; };
		78B6D94F278D84E100BBD3F5 /* Int+timeFormat.swift in Sources */ = {isa = PBXBuildFile; fileRef = 78C2516C2513A0A3001ED9E3 /* Int+timeFormat.swift */; };
		78B6D953278D84E400BBD3F5 /* Date+Extension.swift in Sources */ = {isa = PBXBuildFile; fileRef = 78C251682513A092001ED9E3 /* Date+Extension.swift */; };
		78B6D957278D84E800BBD3F5 /* UIColor+hexColor.swift in Sources */ = {isa = PBXBuildFile; fileRef = 78C2515C2513A068001ED9E3 /* UIColor+hexColor.swift */; };
		78B6D964278D857F00BBD3F5 /* UIView+Keyboard.swift in Sources */ = {isa = PBXBuildFile; fileRef = 78C251582513A058001ED9E3 /* UIView+Keyboard.swift */; };
		78B6D968278D865300BBD3F5 /* UIViewController+Toast.swift in Sources */ = {isa = PBXBuildFile; fileRef = 78C251702513A0B2001ED9E3 /* UIViewController+Toast.swift */; };
		78B6D96C278D86AC00BBD3F5 /* UIViewController+Alert.swift in Sources */ = {isa = PBXBuildFile; fileRef = 78C251602513A077001ED9E3 /* UIViewController+Alert.swift */; };
		78C24FB925139845001ED9E3 /* AppDelegate.swift in Sources */ = {isa = PBXBuildFile; fileRef = 78C24FB825139845001ED9E3 /* AppDelegate.swift */; };
		78C24FC025139845001ED9E3 /* Main.storyboard in Resources */ = {isa = PBXBuildFile; fileRef = 78C24FBE25139845001ED9E3 /* Main.storyboard */; };
		78C24FC225139846001ED9E3 /* Assets.xcassets in Resources */ = {isa = PBXBuildFile; fileRef = 78C24FC125139846001ED9E3 /* Assets.xcassets */; };
		78C24FC525139846001ED9E3 /* LaunchScreen.storyboard in Resources */ = {isa = PBXBuildFile; fileRef = 78C24FC325139846001ED9E3 /* LaunchScreen.storyboard */; };
		78C24FD025139846001ED9E3 /* SDKSampleAppTests.swift in Sources */ = {isa = PBXBuildFile; fileRef = 78C24FCF25139846001ED9E3 /* SDKSampleAppTests.swift */; };
		78C24FDB25139846001ED9E3 /* SDKSampleAppUITests.swift in Sources */ = {isa = PBXBuildFile; fileRef = 78C24FDA25139846001ED9E3 /* SDKSampleAppUITests.swift */; };
		78C24FEF25139881001ED9E3 /* Cartfile in Resources */ = {isa = PBXBuildFile; fileRef = 78C24FEE25139881001ED9E3 /* Cartfile */; };
		78C2502525139AB4001ED9E3 /* Cartfile.resolved in Resources */ = {isa = PBXBuildFile; fileRef = 78C2502425139AB4001ED9E3 /* Cartfile.resolved */; };
		78C250FD25139E09001ED9E3 /* MainNavigationController.swift in Sources */ = {isa = PBXBuildFile; fileRef = 78C250FC25139E09001ED9E3 /* MainNavigationController.swift */; };
		78C2510525139E47001ED9E3 /* ColorScheme.swift in Sources */ = {isa = PBXBuildFile; fileRef = 78C2510425139E47001ED9E3 /* ColorScheme.swift */; };
		78C2510B25139ED1001ED9E3 /* StorageProvider.swift in Sources */ = {isa = PBXBuildFile; fileRef = 78C2510A25139ED1001ED9E3 /* StorageProvider.swift */; };
		78C2511025139EF8001ED9E3 /* SelectionTableViewController.swift in Sources */ = {isa = PBXBuildFile; fileRef = 78C2510F25139EF8001ED9E3 /* SelectionTableViewController.swift */; };
		78C2511425139F1D001ED9E3 /* EnvironmentViewController.swift in Sources */ = {isa = PBXBuildFile; fileRef = 78C2511325139F1D001ED9E3 /* EnvironmentViewController.swift */; };
		78C2511925139F33001ED9E3 /* LoginViewController.swift in Sources */ = {isa = PBXBuildFile; fileRef = 78C2511825139F33001ED9E3 /* LoginViewController.swift */; };
		78C2511F25139F44001ED9E3 /* AssetListTableViewController.swift in Sources */ = {isa = PBXBuildFile; fileRef = 78C2511E25139F44001ED9E3 /* AssetListTableViewController.swift */; };
		78C2512325139F54001ED9E3 /* AssetDetailsViewController.swift in Sources */ = {isa = PBXBuildFile; fileRef = 78C2512225139F54001ED9E3 /* AssetDetailsViewController.swift */; };
		78C2512725139F64001ED9E3 /* EPGListViewController.swift in Sources */ = {isa = PBXBuildFile; fileRef = 78C2512625139F64001ED9E3 /* EPGListViewController.swift */; };
		78C2512B25139F71001ED9E3 /* PlayerViewController.swift in Sources */ = {isa = PBXBuildFile; fileRef = 78C2512A25139F71001ED9E3 /* PlayerViewController.swift */; };
		78C2512F25139F82001ED9E3 /* TrackSelectionViewController.swift in Sources */ = {isa = PBXBuildFile; fileRef = 78C2512E25139F82001ED9E3 /* TrackSelectionViewController.swift */; };
		78C2513325139F8F001ED9E3 /* DownloadListTableViewController.swift in Sources */ = {isa = PBXBuildFile; fileRef = 78C2513225139F8F001ED9E3 /* DownloadListTableViewController.swift */; };
		78C2513925139FB6001ED9E3 /* PlayerControls.swift in Sources */ = {isa = PBXBuildFile; fileRef = 78C2513825139FB6001ED9E3 /* PlayerControls.swift */; };
		78C2514025139FD6001ED9E3 /* VodBasedTimeline.swift in Sources */ = {isa = PBXBuildFile; fileRef = 78C2513F25139FD6001ED9E3 /* VodBasedTimeline.swift */; };
		78C2514625139FE6001ED9E3 /* ProgramBasedTimeline.swift in Sources */ = {isa = PBXBuildFile; fileRef = 78C2514525139FE6001ED9E3 /* ProgramBasedTimeline.swift */; };
		78C2514A25139FF8001ED9E3 /* AssetListTableViewCell.swift in Sources */ = {isa = PBXBuildFile; fileRef = 78C2514925139FF8001ED9E3 /* AssetListTableViewCell.swift */; };
		78C2514F2513A02F001ED9E3 /* UIImageView+constraint.swift in Sources */ = {isa = PBXBuildFile; fileRef = 78C2514E2513A02F001ED9E3 /* UIImageView+constraint.swift */; };
		78C251552513A045001ED9E3 /* UIView+Anchor.swift in Sources */ = {isa = PBXBuildFile; fileRef = 78C251542513A045001ED9E3 /* UIView+Anchor.swift */; };
		78C251592513A058001ED9E3 /* UIView+Keyboard.swift in Sources */ = {isa = PBXBuildFile; fileRef = 78C251582513A058001ED9E3 /* UIView+Keyboard.swift */; };
		78C2515D2513A068001ED9E3 /* UIColor+hexColor.swift in Sources */ = {isa = PBXBuildFile; fileRef = 78C2515C2513A068001ED9E3 /* UIColor+hexColor.swift */; };
		78C251612513A077001ED9E3 /* UIViewController+Alert.swift in Sources */ = {isa = PBXBuildFile; fileRef = 78C251602513A077001ED9E3 /* UIViewController+Alert.swift */; };
		78C251652513A085001ED9E3 /* UITableView+EmptyMessage.swift in Sources */ = {isa = PBXBuildFile; fileRef = 78C251642513A085001ED9E3 /* UITableView+EmptyMessage.swift */; };
		78C251692513A092001ED9E3 /* Date+Extension.swift in Sources */ = {isa = PBXBuildFile; fileRef = 78C251682513A092001ED9E3 /* Date+Extension.swift */; };
		78C2516D2513A0A3001ED9E3 /* Int+timeFormat.swift in Sources */ = {isa = PBXBuildFile; fileRef = 78C2516C2513A0A3001ED9E3 /* Int+timeFormat.swift */; };
		78C251712513A0B2001ED9E3 /* UIViewController+Toast.swift in Sources */ = {isa = PBXBuildFile; fileRef = 78C251702513A0B2001ED9E3 /* UIViewController+Toast.swift */; };
		78C251882513A0E7001ED9E3 /* TrackModel.swift in Sources */ = {isa = PBXBuildFile; fileRef = 78C251872513A0E7001ED9E3 /* TrackModel.swift */; };
		78C2518F2513A106001ED9E3 /* TrackSelectionViewModel.swift in Sources */ = {isa = PBXBuildFile; fileRef = 78C2518E2513A106001ED9E3 /* TrackSelectionViewModel.swift */; };
		78C251A72513A135001ED9E3 /* RBMTextField.swift in Sources */ = {isa = PBXBuildFile; fileRef = 78C251A62513A135001ED9E3 /* RBMTextField.swift */; };
		78C251AB2513A143001ED9E3 /* RBMButton.swift in Sources */ = {isa = PBXBuildFile; fileRef = 78C251AA2513A143001ED9E3 /* RBMButton.swift */; };
		78C251AF2513A14F001ED9E3 /* RBMPlayerControlLabel.swift in Sources */ = {isa = PBXBuildFile; fileRef = 78C251AE2513A14F001ED9E3 /* RBMPlayerControlLabel.swift */; };
		78D7447B274E3564002D2FAE /* StorageProvider.swift in Sources */ = {isa = PBXBuildFile; fileRef = 78C2510A25139ED1001ED9E3 /* StorageProvider.swift */; };
		78F6D49D279163A700D2B5B2 /* StickyPlayerViewController.swift in Sources */ = {isa = PBXBuildFile; fileRef = 78F6D49C279163A700D2B5B2 /* StickyPlayerViewController.swift */; };
/* End PBXBuildFile section */

/* Begin PBXContainerItemProxy section */
		78C24FCC25139846001ED9E3 /* PBXContainerItemProxy */ = {
			isa = PBXContainerItemProxy;
			containerPortal = 78C24FAD25139845001ED9E3 /* Project object */;
			proxyType = 1;
			remoteGlobalIDString = 78C24FB425139845001ED9E3;
			remoteInfo = SDKSampleApp;
		};
		78C24FD725139846001ED9E3 /* PBXContainerItemProxy */ = {
			isa = PBXContainerItemProxy;
			containerPortal = 78C24FAD25139845001ED9E3 /* Project object */;
			proxyType = 1;
			remoteGlobalIDString = 78C24FB425139845001ED9E3;
			remoteInfo = SDKSampleApp;
		};
/* End PBXContainerItemProxy section */

/* Begin PBXCopyFilesBuildPhase section */
		7837041F274E33AA00EC1F26 /* Embed Frameworks */ = {
			isa = PBXCopyFilesBuildPhase;
			buildActionMask = 2147483647;
			dstPath = "";
			dstSubfolderSpec = 10;
			files = (
			);
			name = "Embed Frameworks";
			runOnlyForDeploymentPostprocessing = 0;
		};
		78856FF6279070F200CA6563 /* Embed Frameworks */ = {
			isa = PBXCopyFilesBuildPhase;
			buildActionMask = 2147483647;
			dstPath = "";
			dstSubfolderSpec = 10;
			files = (
			);
			name = "Embed Frameworks";
			runOnlyForDeploymentPostprocessing = 0;
		};
		78EA856C27FD89BE004EB376 /* Embed Frameworks */ = {
			isa = PBXCopyFilesBuildPhase;
			buildActionMask = 8;
			dstPath = "";
			dstSubfolderSpec = 10;
			files = (
			);
			name = "Embed Frameworks";
			runOnlyForDeploymentPostprocessing = 1;
		};
/* End PBXCopyFilesBuildPhase section */

/* Begin PBXFileReference section */
		780B2DEF251B6B4C003B2A94 /* LICENSE */ = {isa = PBXFileReference; lastKnownFileType = text; path = LICENSE; sourceTree = "<group>"; };
		780B2E03251B6B4C003B2A94 /* README.md */ = {isa = PBXFileReference; lastKnownFileType = net.daringfireball.markdown; path = README.md; sourceTree = "<group>"; };
		780B2E04251B6C3D003B2A94 /* CHANGELOG.md */ = {isa = PBXFileReference; lastKnownFileType = net.daringfireball.markdown; path = CHANGELOG.md; sourceTree = "<group>"; };
		781C373F25187CA60094C2C6 /* UIViewController+Extension.swift */ = {isa = PBXFileReference; lastKnownFileType = sourcecode.swift; path = "UIViewController+Extension.swift"; sourceTree = "<group>"; };
		781C376F251887620094C2C6 /* SDKSampleApp.entitlements */ = {isa = PBXFileReference; lastKnownFileType = text.plist.entitlements; path = SDKSampleApp.entitlements; sourceTree = "<group>"; };
		781C3872251A1AF70094C2C6 /* RootViewController.swift */ = {isa = PBXFileReference; lastKnownFileType = sourcecode.swift; path = RootViewController.swift; sourceTree = "<group>"; };
		7825E70D27633DB000DC4FA7 /* ContentProposalViewController.swift */ = {isa = PBXFileReference; lastKnownFileType = sourcecode.swift; path = ContentProposalViewController.swift; sourceTree = "<group>"; };
		7825E7172763400F00DC4FA7 /* PlayerAssetDataSource.swift */ = {isa = PBXFileReference; lastKnownFileType = sourcecode.swift; path = PlayerAssetDataSource.swift; sourceTree = "<group>"; };
		7825E71C2763405400DC4FA7 /* AssetViewModel.swift */ = {isa = PBXFileReference; lastKnownFileType = sourcecode.swift; path = AssetViewModel.swift; sourceTree = "<group>"; };
		783703E6274E2CDE00EC1F26 /* SDKSampleAppTvOS.app */ = {isa = PBXFileReference; explicitFileType = wrapper.application; includeInIndex = 0; path = SDKSampleAppTvOS.app; sourceTree = BUILT_PRODUCTS_DIR; };
		783703E8274E2CDE00EC1F26 /* AppDelegate.swift */ = {isa = PBXFileReference; lastKnownFileType = sourcecode.swift; path = AppDelegate.swift; sourceTree = "<group>"; };
		783703ED274E2CDE00EC1F26 /* Base */ = {isa = PBXFileReference; lastKnownFileType = file.storyboard; name = Base; path = Base.lproj/Main.storyboard; sourceTree = "<group>"; };
		783703EF274E2CE700EC1F26 /* Assets.xcassets */ = {isa = PBXFileReference; lastKnownFileType = folder.assetcatalog; path = Assets.xcassets; sourceTree = "<group>"; };
		783703F2274E2CE700EC1F26 /* Base */ = {isa = PBXFileReference; lastKnownFileType = file.storyboard; name = Base; path = Base.lproj/LaunchScreen.storyboard; sourceTree = "<group>"; };
		783703F4274E2CE700EC1F26 /* Info.plist */ = {isa = PBXFileReference; lastKnownFileType = text.plist.xml; path = Info.plist; sourceTree = "<group>"; };
		7837040D274E2E8F00EC1F26 /* EnviornmentViewController.swift */ = {isa = PBXFileReference; lastKnownFileType = sourcecode.swift; path = EnviornmentViewController.swift; sourceTree = "<group>"; };
		78370415274E300300EC1F26 /* LoginViewController.swift */ = {isa = PBXFileReference; lastKnownFileType = sourcecode.swift; path = LoginViewController.swift; sourceTree = "<group>"; };
		7838DCB927A025AA0052848A /* AVAudioSession+Airplay.swift */ = {isa = PBXFileReference; lastKnownFileType = sourcecode.swift; path = "AVAudioSession+Airplay.swift"; sourceTree = "<group>"; };
		7838DCDB27A7C5290052848A /* SampleApplication-Guide.md */ = {isa = PBXFileReference; lastKnownFileType = net.daringfireball.markdown; path = "SampleApplication-Guide.md"; sourceTree = "<group>"; };
		78456DF8294B0AA500BC6B65 /* AudioPlayerWithAVAudioEngine.swift */ = {isa = PBXFileReference; lastKnownFileType = sourcecode.swift; path = AudioPlayerWithAVAudioEngine.swift; sourceTree = "<group>"; };
		784FF7B429432A970098E622 /* AudioPlayerViewController.swift */ = {isa = PBXFileReference; lastKnownFileType = sourcecode.swift; path = AudioPlayerViewController.swift; sourceTree = "<group>"; };
		7860868528D0884500BC3BA1 /* iOSClientExposureDownload */ = {isa = PBXFileReference; lastKnownFileType = wrapper; name = iOSClientExposureDownload; path = ../iOSClientExposureDownload; sourceTree = "<group>"; };
		7860868628D0885000BC3BA1 /* iOSClientDownload */ = {isa = PBXFileReference; lastKnownFileType = wrapper; name = iOSClientDownload; path = ../iOSClientDownload; sourceTree = "<group>"; };
		7860868D28D08A9400BC3BA1 /* iOSClientPlayer */ = {isa = PBXFileReference; lastKnownFileType = wrapper; name = iOSClientPlayer; path = ../iOSClientPlayer; sourceTree = "<group>"; };
		78637F0A274E366500185D14 /* PlayerViewController.swift */ = {isa = PBXFileReference; lastKnownFileType = sourcecode.swift; path = PlayerViewController.swift; sourceTree = "<group>"; };
		7885470E28C9D1DA008E27E9 /* iOSClientExposure */ = {isa = PBXFileReference; lastKnownFileType = wrapper; name = iOSClientExposure; path = ../iOSClientExposure; sourceTree = "<group>"; };
		7885471128C9D3E6008E27E9 /* iOSClientExposurePlayback */ = {isa = PBXFileReference; lastKnownFileType = wrapper; name = iOSClientExposurePlayback; path = ../iOSClientExposurePlayback; sourceTree = "<group>"; };
		788AEFF128214E96008A4CC3 /* QuartzCore.framework */ = {isa = PBXFileReference; lastKnownFileType = wrapper.framework; name = QuartzCore.framework; path = System/Library/Frameworks/QuartzCore.framework; sourceTree = SDKROOT; };
		78B6D8C4278D751300BBD3F5 /* SDKSampleSwiftUI.app */ = {isa = PBXFileReference; explicitFileType = wrapper.application; includeInIndex = 0; path = SDKSampleSwiftUI.app; sourceTree = BUILT_PRODUCTS_DIR; };
		78B6D8C6278D751300BBD3F5 /* SDKSampleSwiftUIApp.swift */ = {isa = PBXFileReference; lastKnownFileType = sourcecode.swift; path = SDKSampleSwiftUIApp.swift; sourceTree = "<group>"; };
		78B6D8C8278D751400BBD3F5 /* ContentView.swift */ = {isa = PBXFileReference; lastKnownFileType = sourcecode.swift; path = ContentView.swift; sourceTree = "<group>"; };
		78B6D8CA278D751A00BBD3F5 /* Assets.xcassets */ = {isa = PBXFileReference; lastKnownFileType = folder.assetcatalog; path = Assets.xcassets; sourceTree = "<group>"; };
		78B6D8CD278D751A00BBD3F5 /* Preview Assets.xcassets */ = {isa = PBXFileReference; lastKnownFileType = folder.assetcatalog; path = "Preview Assets.xcassets"; sourceTree = "<group>"; };
		78B6D8CF278D751A00BBD3F5 /* Info.plist */ = {isa = PBXFileReference; lastKnownFileType = text.plist.xml; path = Info.plist; sourceTree = "<group>"; };
		78B6D8EF278D7B9800BBD3F5 /* AssetView.swift */ = {isa = PBXFileReference; lastKnownFileType = sourcecode.swift; path = AssetView.swift; sourceTree = "<group>"; };
		78B6D8FF278D820E00BBD3F5 /* CustomVideoPlayer.swift */ = {isa = PBXFileReference; lastKnownFileType = sourcecode.swift; path = CustomVideoPlayer.swift; sourceTree = "<group>"; };
		78B6D920278D842800BBD3F5 /* PlayerViewController.swift */ = {isa = PBXFileReference; lastKnownFileType = sourcecode.swift; path = PlayerViewController.swift; sourceTree = "<group>"; };
		78C24FB525139845001ED9E3 /* SDKSampleApp.app */ = {isa = PBXFileReference; explicitFileType = wrapper.application; includeInIndex = 0; path = SDKSampleApp.app; sourceTree = BUILT_PRODUCTS_DIR; };
		78C24FB825139845001ED9E3 /* AppDelegate.swift */ = {isa = PBXFileReference; lastKnownFileType = sourcecode.swift; path = AppDelegate.swift; sourceTree = "<group>"; };
		78C24FBF25139845001ED9E3 /* Base */ = {isa = PBXFileReference; lastKnownFileType = file.storyboard; name = Base; path = Base.lproj/Main.storyboard; sourceTree = "<group>"; };
		78C24FC125139846001ED9E3 /* Assets.xcassets */ = {isa = PBXFileReference; lastKnownFileType = folder.assetcatalog; path = Assets.xcassets; sourceTree = "<group>"; };
		78C24FC425139846001ED9E3 /* Base */ = {isa = PBXFileReference; lastKnownFileType = file.storyboard; name = Base; path = Base.lproj/LaunchScreen.storyboard; sourceTree = "<group>"; };
		78C24FC625139846001ED9E3 /* Info.plist */ = {isa = PBXFileReference; lastKnownFileType = text.plist.xml; path = Info.plist; sourceTree = "<group>"; };
		78C24FCB25139846001ED9E3 /* SDKSampleAppTests.xctest */ = {isa = PBXFileReference; explicitFileType = wrapper.cfbundle; includeInIndex = 0; path = SDKSampleAppTests.xctest; sourceTree = BUILT_PRODUCTS_DIR; };
		78C24FCF25139846001ED9E3 /* SDKSampleAppTests.swift */ = {isa = PBXFileReference; lastKnownFileType = sourcecode.swift; path = SDKSampleAppTests.swift; sourceTree = "<group>"; };
		78C24FD125139846001ED9E3 /* Info.plist */ = {isa = PBXFileReference; lastKnownFileType = text.plist.xml; path = Info.plist; sourceTree = "<group>"; };
		78C24FD625139846001ED9E3 /* SDKSampleAppUITests.xctest */ = {isa = PBXFileReference; explicitFileType = wrapper.cfbundle; includeInIndex = 0; path = SDKSampleAppUITests.xctest; sourceTree = BUILT_PRODUCTS_DIR; };
		78C24FDA25139846001ED9E3 /* SDKSampleAppUITests.swift */ = {isa = PBXFileReference; lastKnownFileType = sourcecode.swift; path = SDKSampleAppUITests.swift; sourceTree = "<group>"; };
		78C24FDC25139846001ED9E3 /* Info.plist */ = {isa = PBXFileReference; lastKnownFileType = text.plist.xml; path = Info.plist; sourceTree = "<group>"; };
		78C24FEE25139881001ED9E3 /* Cartfile */ = {isa = PBXFileReference; fileEncoding = 4; lastKnownFileType = text; path = Cartfile; sourceTree = SOURCE_ROOT; };
		78C2502425139AB4001ED9E3 /* Cartfile.resolved */ = {isa = PBXFileReference; lastKnownFileType = text; path = Cartfile.resolved; sourceTree = SOURCE_ROOT; };
		78C250FC25139E09001ED9E3 /* MainNavigationController.swift */ = {isa = PBXFileReference; lastKnownFileType = sourcecode.swift; path = MainNavigationController.swift; sourceTree = "<group>"; };
		78C2510425139E47001ED9E3 /* ColorScheme.swift */ = {isa = PBXFileReference; lastKnownFileType = sourcecode.swift; path = ColorScheme.swift; sourceTree = "<group>"; };
		78C2510A25139ED1001ED9E3 /* StorageProvider.swift */ = {isa = PBXFileReference; lastKnownFileType = sourcecode.swift; path = StorageProvider.swift; sourceTree = "<group>"; };
		78C2510F25139EF8001ED9E3 /* SelectionTableViewController.swift */ = {isa = PBXFileReference; lastKnownFileType = sourcecode.swift; path = SelectionTableViewController.swift; sourceTree = "<group>"; };
		78C2511325139F1D001ED9E3 /* EnvironmentViewController.swift */ = {isa = PBXFileReference; lastKnownFileType = sourcecode.swift; path = EnvironmentViewController.swift; sourceTree = "<group>"; };
		78C2511825139F33001ED9E3 /* LoginViewController.swift */ = {isa = PBXFileReference; lastKnownFileType = sourcecode.swift; path = LoginViewController.swift; sourceTree = "<group>"; };
		78C2511E25139F44001ED9E3 /* AssetListTableViewController.swift */ = {isa = PBXFileReference; lastKnownFileType = sourcecode.swift; path = AssetListTableViewController.swift; sourceTree = "<group>"; };
		78C2512225139F54001ED9E3 /* AssetDetailsViewController.swift */ = {isa = PBXFileReference; lastKnownFileType = sourcecode.swift; path = AssetDetailsViewController.swift; sourceTree = "<group>"; };
		78C2512625139F64001ED9E3 /* EPGListViewController.swift */ = {isa = PBXFileReference; lastKnownFileType = sourcecode.swift; path = EPGListViewController.swift; sourceTree = "<group>"; };
		78C2512A25139F71001ED9E3 /* PlayerViewController.swift */ = {isa = PBXFileReference; lastKnownFileType = sourcecode.swift; path = PlayerViewController.swift; sourceTree = "<group>"; };
		78C2512E25139F82001ED9E3 /* TrackSelectionViewController.swift */ = {isa = PBXFileReference; lastKnownFileType = sourcecode.swift; path = TrackSelectionViewController.swift; sourceTree = "<group>"; };
		78C2513225139F8F001ED9E3 /* DownloadListTableViewController.swift */ = {isa = PBXFileReference; lastKnownFileType = sourcecode.swift; path = DownloadListTableViewController.swift; sourceTree = "<group>"; };
		78C2513825139FB6001ED9E3 /* PlayerControls.swift */ = {isa = PBXFileReference; lastKnownFileType = sourcecode.swift; path = PlayerControls.swift; sourceTree = "<group>"; };
		78C2513F25139FD6001ED9E3 /* VodBasedTimeline.swift */ = {isa = PBXFileReference; lastKnownFileType = sourcecode.swift; path = VodBasedTimeline.swift; sourceTree = "<group>"; };
		78C2514525139FE6001ED9E3 /* ProgramBasedTimeline.swift */ = {isa = PBXFileReference; lastKnownFileType = sourcecode.swift; path = ProgramBasedTimeline.swift; sourceTree = "<group>"; };
		78C2514925139FF8001ED9E3 /* AssetListTableViewCell.swift */ = {isa = PBXFileReference; lastKnownFileType = sourcecode.swift; path = AssetListTableViewCell.swift; sourceTree = "<group>"; };
		78C2514E2513A02F001ED9E3 /* UIImageView+constraint.swift */ = {isa = PBXFileReference; lastKnownFileType = sourcecode.swift; path = "UIImageView+constraint.swift"; sourceTree = "<group>"; };
		78C251542513A045001ED9E3 /* UIView+Anchor.swift */ = {isa = PBXFileReference; lastKnownFileType = sourcecode.swift; path = "UIView+Anchor.swift"; sourceTree = "<group>"; };
		78C251582513A058001ED9E3 /* UIView+Keyboard.swift */ = {isa = PBXFileReference; lastKnownFileType = sourcecode.swift; path = "UIView+Keyboard.swift"; sourceTree = "<group>"; };
		78C2515C2513A068001ED9E3 /* UIColor+hexColor.swift */ = {isa = PBXFileReference; lastKnownFileType = sourcecode.swift; path = "UIColor+hexColor.swift"; sourceTree = "<group>"; };
		78C251602513A077001ED9E3 /* UIViewController+Alert.swift */ = {isa = PBXFileReference; lastKnownFileType = sourcecode.swift; path = "UIViewController+Alert.swift"; sourceTree = "<group>"; };
		78C251642513A085001ED9E3 /* UITableView+EmptyMessage.swift */ = {isa = PBXFileReference; lastKnownFileType = sourcecode.swift; path = "UITableView+EmptyMessage.swift"; sourceTree = "<group>"; };
		78C251682513A092001ED9E3 /* Date+Extension.swift */ = {isa = PBXFileReference; lastKnownFileType = sourcecode.swift; path = "Date+Extension.swift"; sourceTree = "<group>"; };
		78C2516C2513A0A3001ED9E3 /* Int+timeFormat.swift */ = {isa = PBXFileReference; lastKnownFileType = sourcecode.swift; path = "Int+timeFormat.swift"; sourceTree = "<group>"; };
		78C251702513A0B2001ED9E3 /* UIViewController+Toast.swift */ = {isa = PBXFileReference; lastKnownFileType = sourcecode.swift; path = "UIViewController+Toast.swift"; sourceTree = "<group>"; };
		78C251872513A0E7001ED9E3 /* TrackModel.swift */ = {isa = PBXFileReference; lastKnownFileType = sourcecode.swift; path = TrackModel.swift; sourceTree = "<group>"; };
		78C2518E2513A106001ED9E3 /* TrackSelectionViewModel.swift */ = {isa = PBXFileReference; lastKnownFileType = sourcecode.swift; path = TrackSelectionViewModel.swift; sourceTree = "<group>"; };
		78C251A62513A135001ED9E3 /* RBMTextField.swift */ = {isa = PBXFileReference; lastKnownFileType = sourcecode.swift; path = RBMTextField.swift; sourceTree = "<group>"; };
		78C251AA2513A143001ED9E3 /* RBMButton.swift */ = {isa = PBXFileReference; lastKnownFileType = sourcecode.swift; path = RBMButton.swift; sourceTree = "<group>"; };
		78C251AE2513A14F001ED9E3 /* RBMPlayerControlLabel.swift */ = {isa = PBXFileReference; lastKnownFileType = sourcecode.swift; path = RBMPlayerControlLabel.swift; sourceTree = "<group>"; };
		78F6D49C279163A700D2B5B2 /* StickyPlayerViewController.swift */ = {isa = PBXFileReference; lastKnownFileType = sourcecode.swift; path = StickyPlayerViewController.swift; sourceTree = "<group>"; };
/* End PBXFileReference section */

/* Begin PBXFrameworksBuildPhase section */
		783703E3274E2CDE00EC1F26 /* Frameworks */ = {
			isa = PBXFrameworksBuildPhase;
			buildActionMask = 2147483647;
			files = (
				7860868128C9F68000BC3BA1 /* iOSClientPlayer in Frameworks */,
				7860867D28C9F68000BC3BA1 /* iOSClientExposure in Frameworks */,
				7860867F28C9F68000BC3BA1 /* iOSClientExposurePlayback in Frameworks */,
			);
			runOnlyForDeploymentPostprocessing = 0;
		};
		78B6D8C1278D751300BBD3F5 /* Frameworks */ = {
			isa = PBXFrameworksBuildPhase;
			buildActionMask = 2147483647;
			files = (
				7850404928ACE7F60035D509 /* iOSClientCast in Frameworks */,
			);
			runOnlyForDeploymentPostprocessing = 0;
		};
		78C24FB225139845001ED9E3 /* Frameworks */ = {
			isa = PBXFrameworksBuildPhase;
			buildActionMask = 2147483647;
			files = (
				7860868A28D088D000BC3BA1 /* iOSClientDownload in Frameworks */,
				7860868828D088CA00BC3BA1 /* iOSClientExposureDownload in Frameworks */,
				7860867928C9D61D00BC3BA1 /* iOSClientExposurePlayback in Frameworks */,
				78456DF7294AF27400BC6B65 /* LNPopupController-Static in Frameworks */,
				7850403E28ACCA1D0035D509 /* iOSClientCast in Frameworks */,
				7860867728C9D61D00BC3BA1 /* iOSClientExposure in Frameworks */,
				7860868F28D08AAE00BC3BA1 /* iOSClientPlayer in Frameworks */,
				7807B3F328DDAF7300404897 /* MUXSDKStats in Frameworks */,
				784FF7B8294330020098E622 /* Lottie in Frameworks */,
			);
			runOnlyForDeploymentPostprocessing = 0;
		};
		78C24FC825139846001ED9E3 /* Frameworks */ = {
			isa = PBXFrameworksBuildPhase;
			buildActionMask = 2147483647;
			files = (
			);
			runOnlyForDeploymentPostprocessing = 0;
		};
		78C24FD325139846001ED9E3 /* Frameworks */ = {
			isa = PBXFrameworksBuildPhase;
			buildActionMask = 2147483647;
			files = (
			);
			runOnlyForDeploymentPostprocessing = 0;
		};
/* End PBXFrameworksBuildPhase section */

/* Begin PBXGroup section */
		7825E6EE276339F400DC4FA7 /* Push Next Content */ = {
			isa = PBXGroup;
			children = (
				7825E70D27633DB000DC4FA7 /* ContentProposalViewController.swift */,
			);
			path = "Push Next Content";
			sourceTree = "<group>";
		};
		7828B08F282D366800B2B1FE /* Packages */ = {
			isa = PBXGroup;
			children = (
				7885470E28C9D1DA008E27E9 /* iOSClientExposure */,
				7885471128C9D3E6008E27E9 /* iOSClientExposurePlayback */,
				7860868528D0884500BC3BA1 /* iOSClientExposureDownload */,
				7860868628D0885000BC3BA1 /* iOSClientDownload */,
				7860868D28D08A9400BC3BA1 /* iOSClientPlayer */,
			);
			name = Packages;
			sourceTree = "<group>";
		};
		783703E7274E2CDE00EC1F26 /* SDKSampleAppTvOS */ = {
			isa = PBXGroup;
			children = (
				7825E6EE276339F400DC4FA7 /* Push Next Content */,
				783703E8274E2CDE00EC1F26 /* AppDelegate.swift */,
				7837040D274E2E8F00EC1F26 /* EnviornmentViewController.swift */,
				78370415274E300300EC1F26 /* LoginViewController.swift */,
				78637F0A274E366500185D14 /* PlayerViewController.swift */,
				783703EC274E2CDE00EC1F26 /* Main.storyboard */,
				783703EF274E2CE700EC1F26 /* Assets.xcassets */,
				783703F1274E2CE700EC1F26 /* LaunchScreen.storyboard */,
				783703F4274E2CE700EC1F26 /* Info.plist */,
			);
			path = SDKSampleAppTvOS;
			sourceTree = "<group>";
		};
		78B6D8C5278D751300BBD3F5 /* SDKSampleSwiftUI */ = {
			isa = PBXGroup;
			children = (
				78B6D8C6278D751300BBD3F5 /* SDKSampleSwiftUIApp.swift */,
				78B6D8C8278D751400BBD3F5 /* ContentView.swift */,
				78B6D8EF278D7B9800BBD3F5 /* AssetView.swift */,
				78B6D8FF278D820E00BBD3F5 /* CustomVideoPlayer.swift */,
				78B6D920278D842800BBD3F5 /* PlayerViewController.swift */,
				78B6D8CA278D751A00BBD3F5 /* Assets.xcassets */,
				78B6D8CF278D751A00BBD3F5 /* Info.plist */,
				78B6D8CC278D751A00BBD3F5 /* Preview Content */,
			);
			path = SDKSampleSwiftUI;
			sourceTree = "<group>";
		};
		78B6D8CC278D751A00BBD3F5 /* Preview Content */ = {
			isa = PBXGroup;
			children = (
				78B6D8CD278D751A00BBD3F5 /* Preview Assets.xcassets */,
			);
			path = "Preview Content";
			sourceTree = "<group>";
		};
		78C24FAC25139845001ED9E3 = {
			isa = PBXGroup;
			children = (
				7828B08F282D366800B2B1FE /* Packages */,
				780B2DEF251B6B4C003B2A94 /* LICENSE */,
				780B2E03251B6B4C003B2A94 /* README.md */,
				780B2E04251B6C3D003B2A94 /* CHANGELOG.md */,
				7838DCDB27A7C5290052848A /* SampleApplication-Guide.md */,
				78C24FEE25139881001ED9E3 /* Cartfile */,
				78C2502425139AB4001ED9E3 /* Cartfile.resolved */,
				78C24FB725139845001ED9E3 /* SDKSampleApp */,
				78C24FCE25139846001ED9E3 /* SDKSampleAppTests */,
				78C24FD925139846001ED9E3 /* SDKSampleAppUITests */,
				783703E7274E2CDE00EC1F26 /* SDKSampleAppTvOS */,
				78B6D8C5278D751300BBD3F5 /* SDKSampleSwiftUI */,
				78C24FB625139845001ED9E3 /* Products */,
				78C250D125139D3B001ED9E3 /* Frameworks */,
			);
			sourceTree = "<group>";
		};
		78C24FB625139845001ED9E3 /* Products */ = {
			isa = PBXGroup;
			children = (
				78C24FB525139845001ED9E3 /* SDKSampleApp.app */,
				78C24FCB25139846001ED9E3 /* SDKSampleAppTests.xctest */,
				78C24FD625139846001ED9E3 /* SDKSampleAppUITests.xctest */,
				783703E6274E2CDE00EC1F26 /* SDKSampleAppTvOS.app */,
				78B6D8C4278D751300BBD3F5 /* SDKSampleSwiftUI.app */,
			);
			name = Products;
			sourceTree = "<group>";
		};
		78C24FB725139845001ED9E3 /* SDKSampleApp */ = {
			isa = PBXGroup;
			children = (
				781C376F251887620094C2C6 /* SDKSampleApp.entitlements */,
				78C251862513A0DC001ED9E3 /* Model */,
				78C2518D2513A0F7001ED9E3 /* ViewModel */,
				78C2513625139F9E001ED9E3 /* Views */,
				78C2510E25139EEF001ED9E3 /* ViewControllers */,
				78C2510225139E1B001ED9E3 /* Utilities */,
				78C2514D2513A014001ED9E3 /* Extensions */,
				78C24FB825139845001ED9E3 /* AppDelegate.swift */,
				78C24FBE25139845001ED9E3 /* Main.storyboard */,
				78C24FC125139846001ED9E3 /* Assets.xcassets */,
				78C24FC325139846001ED9E3 /* LaunchScreen.storyboard */,
				78C24FC625139846001ED9E3 /* Info.plist */,
			);
			path = SDKSampleApp;
			sourceTree = "<group>";
		};
		78C24FCE25139846001ED9E3 /* SDKSampleAppTests */ = {
			isa = PBXGroup;
			children = (
				78C24FCF25139846001ED9E3 /* SDKSampleAppTests.swift */,
				78C24FD125139846001ED9E3 /* Info.plist */,
			);
			path = SDKSampleAppTests;
			sourceTree = "<group>";
		};
		78C24FD925139846001ED9E3 /* SDKSampleAppUITests */ = {
			isa = PBXGroup;
			children = (
				78C24FDA25139846001ED9E3 /* SDKSampleAppUITests.swift */,
				78C24FDC25139846001ED9E3 /* Info.plist */,
			);
			path = SDKSampleAppUITests;
			sourceTree = "<group>";
		};
		78C250D125139D3B001ED9E3 /* Frameworks */ = {
			isa = PBXGroup;
			children = (
				788AEFF128214E96008A4CC3 /* QuartzCore.framework */,
			);
			name = Frameworks;
			sourceTree = "<group>";
		};
		78C2510225139E1B001ED9E3 /* Utilities */ = {
			isa = PBXGroup;
			children = (
				78C2510325139E3C001ED9E3 /* Theme */,
				78C2510A25139ED1001ED9E3 /* StorageProvider.swift */,
				781C373F25187CA60094C2C6 /* UIViewController+Extension.swift */,
			);
			path = Utilities;
			sourceTree = "<group>";
		};
		78C2510325139E3C001ED9E3 /* Theme */ = {
			isa = PBXGroup;
			children = (
				78C2510425139E47001ED9E3 /* ColorScheme.swift */,
				78C251A62513A135001ED9E3 /* RBMTextField.swift */,
				78C251AA2513A143001ED9E3 /* RBMButton.swift */,
				78C251AE2513A14F001ED9E3 /* RBMPlayerControlLabel.swift */,
			);
			path = Theme;
			sourceTree = "<group>";
		};
		78C2510E25139EEF001ED9E3 /* ViewControllers */ = {
			isa = PBXGroup;
			children = (
				78C250FC25139E09001ED9E3 /* MainNavigationController.swift */,
				781C3872251A1AF70094C2C6 /* RootViewController.swift */,
				78C2510F25139EF8001ED9E3 /* SelectionTableViewController.swift */,
				78C2511325139F1D001ED9E3 /* EnvironmentViewController.swift */,
				78C2511825139F33001ED9E3 /* LoginViewController.swift */,
				78C2511E25139F44001ED9E3 /* AssetListTableViewController.swift */,
				78C2512225139F54001ED9E3 /* AssetDetailsViewController.swift */,
				78C2512625139F64001ED9E3 /* EPGListViewController.swift */,
				78C2512A25139F71001ED9E3 /* PlayerViewController.swift */,
				78C2512E25139F82001ED9E3 /* TrackSelectionViewController.swift */,
				78C2513225139F8F001ED9E3 /* DownloadListTableViewController.swift */,
				78F6D49C279163A700D2B5B2 /* StickyPlayerViewController.swift */,
				784FF7B429432A970098E622 /* AudioPlayerViewController.swift */,
				78456DF8294B0AA500BC6B65 /* AudioPlayerWithAVAudioEngine.swift */,
			);
			path = ViewControllers;
			sourceTree = "<group>";
		};
		78C2513625139F9E001ED9E3 /* Views */ = {
			isa = PBXGroup;
			children = (
				78C2514925139FF8001ED9E3 /* AssetListTableViewCell.swift */,
				78C2513E25139FC3001ED9E3 /* TimeLine */,
				78C2513725139FAA001ED9E3 /* PlayerViewControls */,
			);
			path = Views;
			sourceTree = "<group>";
		};
		78C2513725139FAA001ED9E3 /* PlayerViewControls */ = {
			isa = PBXGroup;
			children = (
				78C2513825139FB6001ED9E3 /* PlayerControls.swift */,
			);
			path = PlayerViewControls;
			sourceTree = "<group>";
		};
		78C2513E25139FC3001ED9E3 /* TimeLine */ = {
			isa = PBXGroup;
			children = (
				78C2513F25139FD6001ED9E3 /* VodBasedTimeline.swift */,
				78C2514525139FE6001ED9E3 /* ProgramBasedTimeline.swift */,
			);
			path = TimeLine;
			sourceTree = "<group>";
		};
		78C2514D2513A014001ED9E3 /* Extensions */ = {
			isa = PBXGroup;
			children = (
				78C2514E2513A02F001ED9E3 /* UIImageView+constraint.swift */,
				78C251542513A045001ED9E3 /* UIView+Anchor.swift */,
				78C251582513A058001ED9E3 /* UIView+Keyboard.swift */,
				78C2515C2513A068001ED9E3 /* UIColor+hexColor.swift */,
				78C251602513A077001ED9E3 /* UIViewController+Alert.swift */,
				78C251642513A085001ED9E3 /* UITableView+EmptyMessage.swift */,
				78C251682513A092001ED9E3 /* Date+Extension.swift */,
				78C2516C2513A0A3001ED9E3 /* Int+timeFormat.swift */,
				78C251702513A0B2001ED9E3 /* UIViewController+Toast.swift */,
				7838DCB927A025AA0052848A /* AVAudioSession+Airplay.swift */,
			);
			path = Extensions;
			sourceTree = "<group>";
		};
		78C251862513A0DC001ED9E3 /* Model */ = {
			isa = PBXGroup;
			children = (
				78C251872513A0E7001ED9E3 /* TrackModel.swift */,
				7825E7172763400F00DC4FA7 /* PlayerAssetDataSource.swift */,
			);
			path = Model;
			sourceTree = "<group>";
		};
		78C2518D2513A0F7001ED9E3 /* ViewModel */ = {
			isa = PBXGroup;
			children = (
				78C2518E2513A106001ED9E3 /* TrackSelectionViewModel.swift */,
				7825E71C2763405400DC4FA7 /* AssetViewModel.swift */,
			);
			path = ViewModel;
			sourceTree = "<group>";
		};
/* End PBXGroup section */

/* Begin PBXNativeTarget section */
		783703E5274E2CDE00EC1F26 /* SDKSampleAppTvOS */ = {
			isa = PBXNativeTarget;
			buildConfigurationList = 78370409274E2CE700EC1F26 /* Build configuration list for PBXNativeTarget "SDKSampleAppTvOS" */;
			buildPhases = (
				783703E2274E2CDE00EC1F26 /* Sources */,
				783703E3274E2CDE00EC1F26 /* Frameworks */,
				783703E4274E2CDE00EC1F26 /* Resources */,
				7837041F274E33AA00EC1F26 /* Embed Frameworks */,
			);
			buildRules = (
			);
			dependencies = (
			);
			name = SDKSampleAppTvOS;
			packageProductDependencies = (
				7860867C28C9F68000BC3BA1 /* iOSClientExposure */,
				7860867E28C9F68000BC3BA1 /* iOSClientExposurePlayback */,
				7860868028C9F68000BC3BA1 /* iOSClientPlayer */,
			);
			productName = SDKSampleAppTvOS;
			productReference = 783703E6274E2CDE00EC1F26 /* SDKSampleAppTvOS.app */;
			productType = "com.apple.product-type.application";
		};
		78B6D8C3278D751300BBD3F5 /* SDKSampleSwiftUI */ = {
			isa = PBXNativeTarget;
			buildConfigurationList = 78B6D8E4278D751A00BBD3F5 /* Build configuration list for PBXNativeTarget "SDKSampleSwiftUI" */;
			buildPhases = (
				78B6D8C0278D751300BBD3F5 /* Sources */,
				78B6D8C1278D751300BBD3F5 /* Frameworks */,
				78B6D8C2278D751300BBD3F5 /* Resources */,
				78856FF6279070F200CA6563 /* Embed Frameworks */,
			);
			buildRules = (
			);
			dependencies = (
			);
			name = SDKSampleSwiftUI;
			packageProductDependencies = (
				7850404828ACE7F60035D509 /* iOSClientCast */,
			);
			productName = SDKSampleSwiftUI;
			productReference = 78B6D8C4278D751300BBD3F5 /* SDKSampleSwiftUI.app */;
			productType = "com.apple.product-type.application";
		};
		78C24FB425139845001ED9E3 /* SDKSampleApp */ = {
			isa = PBXNativeTarget;
			buildConfigurationList = 78C24FDF25139846001ED9E3 /* Build configuration list for PBXNativeTarget "SDKSampleApp" */;
			buildPhases = (
				78C24FB125139845001ED9E3 /* Sources */,
				78C24FB225139845001ED9E3 /* Frameworks */,
				78C24FB325139845001ED9E3 /* Resources */,
				78BA91AD2514F00400816B4A /* ShellScript */,
				78EA856C27FD89BE004EB376 /* Embed Frameworks */,
			);
			buildRules = (
			);
			dependencies = (
			);
			name = SDKSampleApp;
			packageProductDependencies = (
				7850403D28ACCA1D0035D509 /* iOSClientCast */,
				7860867628C9D61D00BC3BA1 /* iOSClientExposure */,
				7860867828C9D61D00BC3BA1 /* iOSClientExposurePlayback */,
				7860868728D088CA00BC3BA1 /* iOSClientExposureDownload */,
				7860868928D088D000BC3BA1 /* iOSClientDownload */,
				7860868E28D08AAE00BC3BA1 /* iOSClientPlayer */,
				7807B3F228DDAF7300404897 /* MUXSDKStats */,
				784FF7B7294330020098E622 /* Lottie */,
				78456DF6294AF27400BC6B65 /* LNPopupController-Static */,
			);
			productName = SDKSampleApp;
			productReference = 78C24FB525139845001ED9E3 /* SDKSampleApp.app */;
			productType = "com.apple.product-type.application";
		};
		78C24FCA25139846001ED9E3 /* SDKSampleAppTests */ = {
			isa = PBXNativeTarget;
			buildConfigurationList = 78C24FE225139846001ED9E3 /* Build configuration list for PBXNativeTarget "SDKSampleAppTests" */;
			buildPhases = (
				78C24FC725139846001ED9E3 /* Sources */,
				78C24FC825139846001ED9E3 /* Frameworks */,
				78C24FC925139846001ED9E3 /* Resources */,
			);
			buildRules = (
			);
			dependencies = (
				78C24FCD25139846001ED9E3 /* PBXTargetDependency */,
			);
			name = SDKSampleAppTests;
			productName = SDKSampleAppTests;
			productReference = 78C24FCB25139846001ED9E3 /* SDKSampleAppTests.xctest */;
			productType = "com.apple.product-type.bundle.unit-test";
		};
		78C24FD525139846001ED9E3 /* SDKSampleAppUITests */ = {
			isa = PBXNativeTarget;
			buildConfigurationList = 78C24FE525139846001ED9E3 /* Build configuration list for PBXNativeTarget "SDKSampleAppUITests" */;
			buildPhases = (
				78C24FD225139846001ED9E3 /* Sources */,
				78C24FD325139846001ED9E3 /* Frameworks */,
				78C24FD425139846001ED9E3 /* Resources */,
			);
			buildRules = (
			);
			dependencies = (
				78C24FD825139846001ED9E3 /* PBXTargetDependency */,
			);
			name = SDKSampleAppUITests;
			productName = SDKSampleAppUITests;
			productReference = 78C24FD625139846001ED9E3 /* SDKSampleAppUITests.xctest */;
			productType = "com.apple.product-type.bundle.ui-testing";
		};
/* End PBXNativeTarget section */

/* Begin PBXProject section */
		78C24FAD25139845001ED9E3 /* Project object */ = {
			isa = PBXProject;
			attributes = {
				LastSwiftUpdateCheck = 1230;
				LastUpgradeCheck = 1200;
				TargetAttributes = {
					783703E5274E2CDE00EC1F26 = {
						CreatedOnToolsVersion = 12.3;
					};
					78B6D8C3278D751300BBD3F5 = {
						CreatedOnToolsVersion = 12.3;
					};
					78C24FB425139845001ED9E3 = {
						CreatedOnToolsVersion = 12.0;
					};
					78C24FCA25139846001ED9E3 = {
						CreatedOnToolsVersion = 12.0;
						TestTargetID = 78C24FB425139845001ED9E3;
					};
					78C24FD525139846001ED9E3 = {
						CreatedOnToolsVersion = 12.0;
						TestTargetID = 78C24FB425139845001ED9E3;
					};
				};
			};
			buildConfigurationList = 78C24FB025139845001ED9E3 /* Build configuration list for PBXProject "SDKSampleApp" */;
			compatibilityVersion = "Xcode 3.1";
			developmentRegion = en;
			hasScannedForEncodings = 0;
			knownRegions = (
				en,
				Base,
			);
			mainGroup = 78C24FAC25139845001ED9E3;
			packageReferences = (
				7850403C28ACCA1D0035D509 /* XCRemoteSwiftPackageReference "iOSClientCast" */,
				7807B3F128DDAF7300404897 /* XCRemoteSwiftPackageReference "mux-stats-sdk-avplayer" */,
				784FF7B6294330020098E622 /* XCRemoteSwiftPackageReference "lottie-ios" */,
				78456DF5294AF27400BC6B65 /* XCRemoteSwiftPackageReference "LNPopupController" */,
			);
			productRefGroup = 78C24FB625139845001ED9E3 /* Products */;
			projectDirPath = "";
			projectRoot = "";
			targets = (
				78C24FB425139845001ED9E3 /* SDKSampleApp */,
				78C24FCA25139846001ED9E3 /* SDKSampleAppTests */,
				78C24FD525139846001ED9E3 /* SDKSampleAppUITests */,
				783703E5274E2CDE00EC1F26 /* SDKSampleAppTvOS */,
				78B6D8C3278D751300BBD3F5 /* SDKSampleSwiftUI */,
			);
		};
/* End PBXProject section */

/* Begin PBXResourcesBuildPhase section */
		783703E4274E2CDE00EC1F26 /* Resources */ = {
			isa = PBXResourcesBuildPhase;
			buildActionMask = 2147483647;
			files = (
				783703F3274E2CE700EC1F26 /* LaunchScreen.storyboard in Resources */,
				783703F0274E2CE700EC1F26 /* Assets.xcassets in Resources */,
				783703EE274E2CDE00EC1F26 /* Main.storyboard in Resources */,
				7838DCDD27A7C5290052848A /* SampleApplication-Guide.md in Resources */,
			);
			runOnlyForDeploymentPostprocessing = 0;
		};
		78B6D8C2278D751300BBD3F5 /* Resources */ = {
			isa = PBXResourcesBuildPhase;
			buildActionMask = 2147483647;
			files = (
				78B6D8CE278D751A00BBD3F5 /* Preview Assets.xcassets in Resources */,
				78B6D8CB278D751A00BBD3F5 /* Assets.xcassets in Resources */,
				7838DCDE27A7C5290052848A /* SampleApplication-Guide.md in Resources */,
			);
			runOnlyForDeploymentPostprocessing = 0;
		};
		78C24FB325139845001ED9E3 /* Resources */ = {
			isa = PBXResourcesBuildPhase;
			buildActionMask = 2147483647;
			files = (
				78C24FC525139846001ED9E3 /* LaunchScreen.storyboard in Resources */,
				78C24FC225139846001ED9E3 /* Assets.xcassets in Resources */,
				78C24FEF25139881001ED9E3 /* Cartfile in Resources */,
				78C2502525139AB4001ED9E3 /* Cartfile.resolved in Resources */,
				78C24FC025139845001ED9E3 /* Main.storyboard in Resources */,
				7838DCDC27A7C5290052848A /* SampleApplication-Guide.md in Resources */,
			);
			runOnlyForDeploymentPostprocessing = 0;
		};
		78C24FC925139846001ED9E3 /* Resources */ = {
			isa = PBXResourcesBuildPhase;
			buildActionMask = 2147483647;
			files = (
			);
			runOnlyForDeploymentPostprocessing = 0;
		};
		78C24FD425139846001ED9E3 /* Resources */ = {
			isa = PBXResourcesBuildPhase;
			buildActionMask = 2147483647;
			files = (
			);
			runOnlyForDeploymentPostprocessing = 0;
		};
/* End PBXResourcesBuildPhase section */

/* Begin PBXShellScriptBuildPhase section */
		78BA91AD2514F00400816B4A /* ShellScript */ = {
			isa = PBXShellScriptBuildPhase;
			buildActionMask = 2147483647;
			files = (
			);
			inputFileListPaths = (
			);
			inputPaths = (
			);
			outputFileListPaths = (
			);
			outputPaths = (
			);
			runOnlyForDeploymentPostprocessing = 0;
			shellPath = /bin/sh;
			shellScript = "/usr/local/bin/carthage copy-frameworks\n";
		};
/* End PBXShellScriptBuildPhase section */

/* Begin PBXSourcesBuildPhase section */
		783703E2274E2CDE00EC1F26 /* Sources */ = {
			isa = PBXSourcesBuildPhase;
			buildActionMask = 2147483647;
			files = (
				7825E70E27633DB000DC4FA7 /* ContentProposalViewController.swift in Sources */,
				78D7447B274E3564002D2FAE /* StorageProvider.swift in Sources */,
				7825E71E2763405400DC4FA7 /* AssetViewModel.swift in Sources */,
				78370416274E300300EC1F26 /* LoginViewController.swift in Sources */,
				7825E7192763400F00DC4FA7 /* PlayerAssetDataSource.swift in Sources */,
				7837040E274E2E8F00EC1F26 /* EnviornmentViewController.swift in Sources */,
				783703E9274E2CDE00EC1F26 /* AppDelegate.swift in Sources */,
				78637F0B274E366500185D14 /* PlayerViewController.swift in Sources */,
				7825E71427633E3C00DC4FA7 /* UIView+Anchor.swift in Sources */,
			);
			runOnlyForDeploymentPostprocessing = 0;
		};
		78B6D8C0278D751300BBD3F5 /* Sources */ = {
			isa = PBXSourcesBuildPhase;
			buildActionMask = 2147483647;
			files = (
				78B6D8C9278D751400BBD3F5 /* ContentView.swift in Sources */,
				78B6D92D278D846D00BBD3F5 /* PlayerControls.swift in Sources */,
				78B6D929278D846800BBD3F5 /* ProgramBasedTimeline.swift in Sources */,
				78B6D957278D84E800BBD3F5 /* UIColor+hexColor.swift in Sources */,
				78B6D921278D842800BBD3F5 /* PlayerViewController.swift in Sources */,
				78B6D93C278D84A600BBD3F5 /* RBMButton.swift in Sources */,
				78B6D8F0278D7B9800BBD3F5 /* AssetView.swift in Sources */,
				78B6D8EB278D7B2500BBD3F5 /* StorageProvider.swift in Sources */,
				78B6D934278D84A000BBD3F5 /* ColorScheme.swift in Sources */,
				78B6D938278D84A400BBD3F5 /* RBMTextField.swift in Sources */,
				78B6D968278D865300BBD3F5 /* UIViewController+Toast.swift in Sources */,
				78B6D953278D84E400BBD3F5 /* Date+Extension.swift in Sources */,
				78B6D964278D857F00BBD3F5 /* UIView+Keyboard.swift in Sources */,
				78B6D940278D84A900BBD3F5 /* RBMPlayerControlLabel.swift in Sources */,
				78B6D900278D820E00BBD3F5 /* CustomVideoPlayer.swift in Sources */,
				78B6D96C278D86AC00BBD3F5 /* UIViewController+Alert.swift in Sources */,
				78B6D925278D846600BBD3F5 /* VodBasedTimeline.swift in Sources */,
				78B6D94F278D84E100BBD3F5 /* Int+timeFormat.swift in Sources */,
				78B6D8C7278D751300BBD3F5 /* SDKSampleSwiftUIApp.swift in Sources */,
				78B6D94B278D84D100BBD3F5 /* UIView+Anchor.swift in Sources */,
			);
			runOnlyForDeploymentPostprocessing = 0;
		};
		78C24FB125139845001ED9E3 /* Sources */ = {
			isa = PBXSourcesBuildPhase;
			buildActionMask = 2147483647;
			files = (
				781C374025187CA60094C2C6 /* UIViewController+Extension.swift in Sources */,
				78C2513925139FB6001ED9E3 /* PlayerControls.swift in Sources */,
				78C2511925139F33001ED9E3 /* LoginViewController.swift in Sources */,
				7825E71D2763405400DC4FA7 /* AssetViewModel.swift in Sources */,
				78C251552513A045001ED9E3 /* UIView+Anchor.swift in Sources */,
				78C2512725139F64001ED9E3 /* EPGListViewController.swift in Sources */,
				78C2514F2513A02F001ED9E3 /* UIImageView+constraint.swift in Sources */,
				78C251A72513A135001ED9E3 /* RBMTextField.swift in Sources */,
				7838DCBA27A025AA0052848A /* AVAudioSession+Airplay.swift in Sources */,
				78456DF9294B0AA500BC6B65 /* AudioPlayerWithAVAudioEngine.swift in Sources */,
				78C251AB2513A143001ED9E3 /* RBMButton.swift in Sources */,
				7825E7182763400F00DC4FA7 /* PlayerAssetDataSource.swift in Sources */,
				78C2510525139E47001ED9E3 /* ColorScheme.swift in Sources */,
				78C251592513A058001ED9E3 /* UIView+Keyboard.swift in Sources */,
				78C24FB925139845001ED9E3 /* AppDelegate.swift in Sources */,
				78C2512325139F54001ED9E3 /* AssetDetailsViewController.swift in Sources */,
				78C251712513A0B2001ED9E3 /* UIViewController+Toast.swift in Sources */,
				78C2516D2513A0A3001ED9E3 /* Int+timeFormat.swift in Sources */,
				781C3873251A1AF70094C2C6 /* RootViewController.swift in Sources */,
				78C250FD25139E09001ED9E3 /* MainNavigationController.swift in Sources */,
				78F6D49D279163A700D2B5B2 /* StickyPlayerViewController.swift in Sources */,
				78C2512F25139F82001ED9E3 /* TrackSelectionViewController.swift in Sources */,
				78C2514A25139FF8001ED9E3 /* AssetListTableViewCell.swift in Sources */,
				784FF7B529432A970098E622 /* AudioPlayerViewController.swift in Sources */,
				78C251AF2513A14F001ED9E3 /* RBMPlayerControlLabel.swift in Sources */,
				78C2518F2513A106001ED9E3 /* TrackSelectionViewModel.swift in Sources */,
				78C251652513A085001ED9E3 /* UITableView+EmptyMessage.swift in Sources */,
				78C2512B25139F71001ED9E3 /* PlayerViewController.swift in Sources */,
				78C251692513A092001ED9E3 /* Date+Extension.swift in Sources */,
				78C2510B25139ED1001ED9E3 /* StorageProvider.swift in Sources */,
				78C251612513A077001ED9E3 /* UIViewController+Alert.swift in Sources */,
				78C2514025139FD6001ED9E3 /* VodBasedTimeline.swift in Sources */,
				78C251882513A0E7001ED9E3 /* TrackModel.swift in Sources */,
				78C2511425139F1D001ED9E3 /* EnvironmentViewController.swift in Sources */,
				78C2511F25139F44001ED9E3 /* AssetListTableViewController.swift in Sources */,
				78C2513325139F8F001ED9E3 /* DownloadListTableViewController.swift in Sources */,
				78C2511025139EF8001ED9E3 /* SelectionTableViewController.swift in Sources */,
				78C2515D2513A068001ED9E3 /* UIColor+hexColor.swift in Sources */,
				78C2514625139FE6001ED9E3 /* ProgramBasedTimeline.swift in Sources */,
			);
			runOnlyForDeploymentPostprocessing = 0;
		};
		78C24FC725139846001ED9E3 /* Sources */ = {
			isa = PBXSourcesBuildPhase;
			buildActionMask = 2147483647;
			files = (
				78C24FD025139846001ED9E3 /* SDKSampleAppTests.swift in Sources */,
			);
			runOnlyForDeploymentPostprocessing = 0;
		};
		78C24FD225139846001ED9E3 /* Sources */ = {
			isa = PBXSourcesBuildPhase;
			buildActionMask = 2147483647;
			files = (
				78C24FDB25139846001ED9E3 /* SDKSampleAppUITests.swift in Sources */,
			);
			runOnlyForDeploymentPostprocessing = 0;
		};
/* End PBXSourcesBuildPhase section */

/* Begin PBXTargetDependency section */
		78C24FCD25139846001ED9E3 /* PBXTargetDependency */ = {
			isa = PBXTargetDependency;
			target = 78C24FB425139845001ED9E3 /* SDKSampleApp */;
			targetProxy = 78C24FCC25139846001ED9E3 /* PBXContainerItemProxy */;
		};
		78C24FD825139846001ED9E3 /* PBXTargetDependency */ = {
			isa = PBXTargetDependency;
			target = 78C24FB425139845001ED9E3 /* SDKSampleApp */;
			targetProxy = 78C24FD725139846001ED9E3 /* PBXContainerItemProxy */;
		};
/* End PBXTargetDependency section */

/* Begin PBXVariantGroup section */
		783703EC274E2CDE00EC1F26 /* Main.storyboard */ = {
			isa = PBXVariantGroup;
			children = (
				783703ED274E2CDE00EC1F26 /* Base */,
			);
			name = Main.storyboard;
			sourceTree = "<group>";
		};
		783703F1274E2CE700EC1F26 /* LaunchScreen.storyboard */ = {
			isa = PBXVariantGroup;
			children = (
				783703F2274E2CE700EC1F26 /* Base */,
			);
			name = LaunchScreen.storyboard;
			sourceTree = "<group>";
		};
		78C24FBE25139845001ED9E3 /* Main.storyboard */ = {
			isa = PBXVariantGroup;
			children = (
				78C24FBF25139845001ED9E3 /* Base */,
			);
			name = Main.storyboard;
			sourceTree = "<group>";
		};
		78C24FC325139846001ED9E3 /* LaunchScreen.storyboard */ = {
			isa = PBXVariantGroup;
			children = (
				78C24FC425139846001ED9E3 /* Base */,
			);
			name = LaunchScreen.storyboard;
			sourceTree = "<group>";
		};
/* End PBXVariantGroup section */

/* Begin XCBuildConfiguration section */
		783703F5274E2CE700EC1F26 /* Debug */ = {
			isa = XCBuildConfiguration;
			buildSettings = {
				ASSETCATALOG_COMPILER_APPICON_NAME = "App Icon & Top Shelf Image";
				ASSETCATALOG_COMPILER_GLOBAL_ACCENT_COLOR_NAME = AccentColor;
				CODE_SIGN_IDENTITY = "iPhone Developer";
				CODE_SIGN_STYLE = Manual;
				DEVELOPMENT_ASSET_PATHS = "";
				DEVELOPMENT_TEAM = 8FQ2PQSFHB;
				INFOPLIST_FILE = SDKSampleAppTvOS/Info.plist;
				LD_RUNPATH_SEARCH_PATHS = (
					"$(inherited)",
					"@executable_path/Frameworks",
				);
				PRODUCT_BUNDLE_IDENTIFIER = is.nova.tv;
				PRODUCT_NAME = "$(TARGET_NAME)";
				PROVISIONING_PROFILE_SPECIFIER = "match Development is.nova.tv tvos";
				SDKROOT = appletvos;
				SWIFT_VERSION = 5.0;
				TARGETED_DEVICE_FAMILY = 3;
				TVOS_DEPLOYMENT_TARGET = 12.0;
			};
			name = Debug;
		};
		783703F6274E2CE700EC1F26 /* Release */ = {
			isa = XCBuildConfiguration;
			buildSettings = {
				ASSETCATALOG_COMPILER_APPICON_NAME = "App Icon & Top Shelf Image";
				ASSETCATALOG_COMPILER_GLOBAL_ACCENT_COLOR_NAME = AccentColor;
				CODE_SIGN_IDENTITY = "iPhone Distribution";
				CODE_SIGN_STYLE = Manual;
				DEVELOPMENT_ASSET_PATHS = "";
				DEVELOPMENT_TEAM = 8FQ2PQSFHB;
				INFOPLIST_FILE = SDKSampleAppTvOS/Info.plist;
				LD_RUNPATH_SEARCH_PATHS = (
					"$(inherited)",
					"@executable_path/Frameworks",
				);
				PRODUCT_BUNDLE_IDENTIFIER = is.nova.tv;
				PRODUCT_NAME = "$(TARGET_NAME)";
				PROVISIONING_PROFILE_SPECIFIER = "match AppStore is.nova.tv tvos";
				SDKROOT = appletvos;
				SWIFT_VERSION = 5.0;
				TARGETED_DEVICE_FAMILY = 3;
				TVOS_DEPLOYMENT_TARGET = 12.0;
			};
			name = Release;
		};
		78B6D8D0278D751A00BBD3F5 /* Debug */ = {
			isa = XCBuildConfiguration;
			buildSettings = {
				ASSETCATALOG_COMPILER_APPICON_NAME = AppIcon;
				ASSETCATALOG_COMPILER_GLOBAL_ACCENT_COLOR_NAME = AccentColor;
				CODE_SIGN_STYLE = Manual;
				DEVELOPMENT_ASSET_PATHS = "\"SDKSampleSwiftUI/Preview Content\"";
				DEVELOPMENT_TEAM = "";
				ENABLE_PREVIEWS = YES;
				INFOPLIST_FILE = SDKSampleSwiftUI/Info.plist;
				IPHONEOS_DEPLOYMENT_TARGET = 14.3;
				LD_RUNPATH_SEARCH_PATHS = (
					"$(inherited)",
					"@executable_path/Frameworks",
				);
				PRODUCT_BUNDLE_IDENTIFIER = com.emp.ExposurePlayback.SampleApp;
				PRODUCT_NAME = "$(TARGET_NAME)";
				PROVISIONING_PROFILE_SPECIFIER = "";
				SWIFT_VERSION = 5.0;
				TARGETED_DEVICE_FAMILY = "1,2";
			};
			name = Debug;
		};
		78B6D8D1278D751A00BBD3F5 /* Release */ = {
			isa = XCBuildConfiguration;
			buildSettings = {
				ASSETCATALOG_COMPILER_APPICON_NAME = AppIcon;
				ASSETCATALOG_COMPILER_GLOBAL_ACCENT_COLOR_NAME = AccentColor;
				CODE_SIGN_STYLE = Automatic;
				DEVELOPMENT_ASSET_PATHS = "\"SDKSampleSwiftUI/Preview Content\"";
				ENABLE_PREVIEWS = YES;
				INFOPLIST_FILE = SDKSampleSwiftUI/Info.plist;
				IPHONEOS_DEPLOYMENT_TARGET = 14.3;
				LD_RUNPATH_SEARCH_PATHS = (
					"$(inherited)",
					"@executable_path/Frameworks",
				);
				PRODUCT_BUNDLE_IDENTIFIER = com.emp.ExposurePlayback.SampleApp;
				PRODUCT_NAME = "$(TARGET_NAME)";
				SWIFT_VERSION = 5.0;
				TARGETED_DEVICE_FAMILY = "1,2";
			};
			name = Release;
		};
		78C24FDD25139846001ED9E3 /* Debug */ = {
			isa = XCBuildConfiguration;
			buildSettings = {
				ALWAYS_EMBED_SWIFT_STANDARD_LIBRARIES = YES;
				ALWAYS_SEARCH_USER_PATHS = NO;
				CLANG_ANALYZER_NONNULL = YES;
				CLANG_ANALYZER_NUMBER_OBJECT_CONVERSION = YES_AGGRESSIVE;
				CLANG_CXX_LANGUAGE_STANDARD = "gnu++14";
				CLANG_CXX_LIBRARY = "libc++";
				CLANG_ENABLE_MODULES = YES;
				CLANG_ENABLE_OBJC_ARC = YES;
				CLANG_ENABLE_OBJC_WEAK = YES;
				CLANG_WARN_BLOCK_CAPTURE_AUTORELEASING = YES;
				CLANG_WARN_BOOL_CONVERSION = YES;
				CLANG_WARN_COMMA = YES;
				CLANG_WARN_CONSTANT_CONVERSION = YES;
				CLANG_WARN_DEPRECATED_OBJC_IMPLEMENTATIONS = YES;
				CLANG_WARN_DIRECT_OBJC_ISA_USAGE = YES_ERROR;
				CLANG_WARN_DOCUMENTATION_COMMENTS = YES;
				CLANG_WARN_EMPTY_BODY = YES;
				CLANG_WARN_ENUM_CONVERSION = YES;
				CLANG_WARN_INFINITE_RECURSION = YES;
				CLANG_WARN_INT_CONVERSION = YES;
				CLANG_WARN_NON_LITERAL_NULL_CONVERSION = YES;
				CLANG_WARN_OBJC_IMPLICIT_RETAIN_SELF = YES;
				CLANG_WARN_OBJC_LITERAL_CONVERSION = YES;
				CLANG_WARN_OBJC_ROOT_CLASS = YES_ERROR;
				CLANG_WARN_QUOTED_INCLUDE_IN_FRAMEWORK_HEADER = YES;
				CLANG_WARN_RANGE_LOOP_ANALYSIS = YES;
				CLANG_WARN_STRICT_PROTOTYPES = YES;
				CLANG_WARN_SUSPICIOUS_MOVE = YES;
				CLANG_WARN_UNGUARDED_AVAILABILITY = YES_AGGRESSIVE;
				CLANG_WARN_UNREACHABLE_CODE = YES;
				CLANG_WARN__DUPLICATE_METHOD_MATCH = YES;
				COPY_PHASE_STRIP = NO;
				DEBUG_INFORMATION_FORMAT = dwarf;
				ENABLE_STRICT_OBJC_MSGSEND = YES;
				ENABLE_TESTABILITY = YES;
				GCC_C_LANGUAGE_STANDARD = gnu11;
				GCC_DYNAMIC_NO_PIC = NO;
				GCC_NO_COMMON_BLOCKS = YES;
				GCC_OPTIMIZATION_LEVEL = 0;
				GCC_PREPROCESSOR_DEFINITIONS = (
					"DEBUG=1",
					"$(inherited)",
				);
				GCC_WARN_64_TO_32_BIT_CONVERSION = YES;
				GCC_WARN_ABOUT_RETURN_TYPE = YES_ERROR;
				GCC_WARN_UNDECLARED_SELECTOR = YES;
				GCC_WARN_UNINITIALIZED_AUTOS = YES_AGGRESSIVE;
				GCC_WARN_UNUSED_FUNCTION = YES;
				GCC_WARN_UNUSED_VARIABLE = YES;
				IPHONEOS_DEPLOYMENT_TARGET = 14.0;
				LD_RUNPATH_SEARCH_PATHS = (
					"$(inherited)",
					"@executable_path/Frameworks",
				);
				MTL_ENABLE_DEBUG_INFO = INCLUDE_SOURCE;
				MTL_FAST_MATH = YES;
				ONLY_ACTIVE_ARCH = YES;
				OTHER_LDFLAGS = (
					"-ObjC",
					"-lc++",
					"$(inherited)",
				);
				SDKROOT = iphoneos;
				SWIFT_ACTIVE_COMPILATION_CONDITIONS = DEBUG;
				SWIFT_OPTIMIZATION_LEVEL = "-Onone";
			};
			name = Debug;
		};
		78C24FDE25139846001ED9E3 /* Release */ = {
			isa = XCBuildConfiguration;
			buildSettings = {
				ALWAYS_EMBED_SWIFT_STANDARD_LIBRARIES = YES;
				ALWAYS_SEARCH_USER_PATHS = NO;
				CLANG_ANALYZER_NONNULL = YES;
				CLANG_ANALYZER_NUMBER_OBJECT_CONVERSION = YES_AGGRESSIVE;
				CLANG_CXX_LANGUAGE_STANDARD = "gnu++14";
				CLANG_CXX_LIBRARY = "libc++";
				CLANG_ENABLE_MODULES = YES;
				CLANG_ENABLE_OBJC_ARC = YES;
				CLANG_ENABLE_OBJC_WEAK = YES;
				CLANG_WARN_BLOCK_CAPTURE_AUTORELEASING = YES;
				CLANG_WARN_BOOL_CONVERSION = YES;
				CLANG_WARN_COMMA = YES;
				CLANG_WARN_CONSTANT_CONVERSION = YES;
				CLANG_WARN_DEPRECATED_OBJC_IMPLEMENTATIONS = YES;
				CLANG_WARN_DIRECT_OBJC_ISA_USAGE = YES_ERROR;
				CLANG_WARN_DOCUMENTATION_COMMENTS = YES;
				CLANG_WARN_EMPTY_BODY = YES;
				CLANG_WARN_ENUM_CONVERSION = YES;
				CLANG_WARN_INFINITE_RECURSION = YES;
				CLANG_WARN_INT_CONVERSION = YES;
				CLANG_WARN_NON_LITERAL_NULL_CONVERSION = YES;
				CLANG_WARN_OBJC_IMPLICIT_RETAIN_SELF = YES;
				CLANG_WARN_OBJC_LITERAL_CONVERSION = YES;
				CLANG_WARN_OBJC_ROOT_CLASS = YES_ERROR;
				CLANG_WARN_QUOTED_INCLUDE_IN_FRAMEWORK_HEADER = YES;
				CLANG_WARN_RANGE_LOOP_ANALYSIS = YES;
				CLANG_WARN_STRICT_PROTOTYPES = YES;
				CLANG_WARN_SUSPICIOUS_MOVE = YES;
				CLANG_WARN_UNGUARDED_AVAILABILITY = YES_AGGRESSIVE;
				CLANG_WARN_UNREACHABLE_CODE = YES;
				CLANG_WARN__DUPLICATE_METHOD_MATCH = YES;
				COPY_PHASE_STRIP = NO;
				DEBUG_INFORMATION_FORMAT = "dwarf-with-dsym";
				ENABLE_NS_ASSERTIONS = NO;
				ENABLE_STRICT_OBJC_MSGSEND = YES;
				GCC_C_LANGUAGE_STANDARD = gnu11;
				GCC_NO_COMMON_BLOCKS = YES;
				GCC_WARN_64_TO_32_BIT_CONVERSION = YES;
				GCC_WARN_ABOUT_RETURN_TYPE = YES_ERROR;
				GCC_WARN_UNDECLARED_SELECTOR = YES;
				GCC_WARN_UNINITIALIZED_AUTOS = YES_AGGRESSIVE;
				GCC_WARN_UNUSED_FUNCTION = YES;
				GCC_WARN_UNUSED_VARIABLE = YES;
				IPHONEOS_DEPLOYMENT_TARGET = 14.0;
				LD_RUNPATH_SEARCH_PATHS = (
					"$(inherited)",
					"@executable_path/Frameworks",
				);
				MTL_ENABLE_DEBUG_INFO = NO;
				MTL_FAST_MATH = YES;
				OTHER_LDFLAGS = (
					"-ObjC",
					"-lc++",
					"$(inherited)",
				);
				SDKROOT = iphoneos;
				SWIFT_COMPILATION_MODE = wholemodule;
				SWIFT_OPTIMIZATION_LEVEL = "-O";
				VALIDATE_PRODUCT = YES;
			};
			name = Release;
		};
		78C24FE025139846001ED9E3 /* Debug */ = {
			isa = XCBuildConfiguration;
			buildSettings = {
				ASSETCATALOG_COMPILER_APPICON_NAME = AppIcon;
				ASSETCATALOG_COMPILER_GLOBAL_ACCENT_COLOR_NAME = AccentColor;
				CODE_SIGN_ENTITLEMENTS = SDKSampleApp/SDKSampleApp.entitlements;
				CODE_SIGN_IDENTITY = "iPhone Developer";
				CODE_SIGN_STYLE = Manual;
				CURRENT_PROJECT_VERSION = 2;
				DEVELOPMENT_TEAM = 3P5CH3HLZN;
				EMBED_ASSET_PACKS_IN_PRODUCT_BUNDLE = NO;
				ENABLE_BITCODE = NO;
				"EXCLUDED_ARCHS[sdk=iphonesimulator*]" = arm64;
				FRAMEWORK_SEARCH_PATHS = "$(inherited)";
				INFOPLIST_FILE = SDKSampleApp/Info.plist;
				IPHONEOS_DEPLOYMENT_TARGET = 14.0;
				LD_RUNPATH_SEARCH_PATHS = (
					"$(inherited)",
					"@executable_path/Frameworks",
				);
				MACH_O_TYPE = mh_execute;
				ONLY_ACTIVE_ARCH = NO;
				OTHER_LDFLAGS = (
					"-ObjC",
					"-lc++",
					"$(inherited)",
				);
				OTHER_LIBTOOLFLAGS = "$(inherited)";
				PRODUCT_BUNDLE_IDENTIFIER = com.emp.ExposurePlayback.SampleApp;
				PRODUCT_NAME = "$(TARGET_NAME)";
				PROVISIONING_PROFILE_SPECIFIER = "match Development com.emp.ExposurePlayback.SampleApp";
				SWIFT_VERSION = 5.0;
				TARGETED_DEVICE_FAMILY = "1,2";
			};
			name = Debug;
		};
		78C24FE125139846001ED9E3 /* Release */ = {
			isa = XCBuildConfiguration;
			buildSettings = {
				ASSETCATALOG_COMPILER_APPICON_NAME = AppIcon;
				ASSETCATALOG_COMPILER_GLOBAL_ACCENT_COLOR_NAME = AccentColor;
				CODE_SIGN_ENTITLEMENTS = SDKSampleApp/SDKSampleApp.entitlements;
				CODE_SIGN_IDENTITY = "iPhone Distribution";
				CODE_SIGN_STYLE = Manual;
				CURRENT_PROJECT_VERSION = 2;
				DEVELOPMENT_TEAM = 3P5CH3HLZN;
				EMBED_ASSET_PACKS_IN_PRODUCT_BUNDLE = NO;
				ENABLE_BITCODE = NO;
				"EXCLUDED_ARCHS[sdk=iphonesimulator*]" = arm64;
				FRAMEWORK_SEARCH_PATHS = "$(inherited)";
				INFOPLIST_FILE = SDKSampleApp/Info.plist;
				IPHONEOS_DEPLOYMENT_TARGET = 14.0;
				LD_RUNPATH_SEARCH_PATHS = (
					"$(inherited)",
					"@executable_path/Frameworks",
				);
				MACH_O_TYPE = mh_execute;
				OTHER_LDFLAGS = (
					"-ObjC",
					"-lc++",
					"$(inherited)",
				);
				OTHER_LIBTOOLFLAGS = "$(inherited)";
				PRODUCT_BUNDLE_IDENTIFIER = com.emp.ExposurePlayback.SampleApp;
				PRODUCT_NAME = "$(TARGET_NAME)";
				PROVISIONING_PROFILE_SPECIFIER = "match AppStore com.emp.ExposurePlayback.SampleApp";
				SWIFT_VERSION = 5.0;
				TARGETED_DEVICE_FAMILY = "1,2";
			};
			name = Release;
		};
		78C24FE325139846001ED9E3 /* Debug */ = {
			isa = XCBuildConfiguration;
			buildSettings = {
				ALWAYS_EMBED_SWIFT_STANDARD_LIBRARIES = YES;
				BUNDLE_LOADER = "$(TEST_HOST)";
				CODE_SIGN_STYLE = Automatic;
				INFOPLIST_FILE = SDKSampleAppTests/Info.plist;
				IPHONEOS_DEPLOYMENT_TARGET = 13.0;
				LD_RUNPATH_SEARCH_PATHS = (
					"$(inherited)",
					"@executable_path/Frameworks",
					"@loader_path/Frameworks",
				);
				OTHER_LDFLAGS = "$(inherited)";
				PRODUCT_BUNDLE_IDENTIFIER = com.udaya.SDKSampleAppTests;
				PRODUCT_NAME = "$(TARGET_NAME)";
				SWIFT_VERSION = 5.0;
				TARGETED_DEVICE_FAMILY = "1,2";
				TEST_HOST = "$(BUILT_PRODUCTS_DIR)/SDKSampleApp.app/SDKSampleApp";
			};
			name = Debug;
		};
		78C24FE425139846001ED9E3 /* Release */ = {
			isa = XCBuildConfiguration;
			buildSettings = {
				ALWAYS_EMBED_SWIFT_STANDARD_LIBRARIES = YES;
				BUNDLE_LOADER = "$(TEST_HOST)";
				CODE_SIGN_STYLE = Automatic;
				INFOPLIST_FILE = SDKSampleAppTests/Info.plist;
				IPHONEOS_DEPLOYMENT_TARGET = 13.0;
				LD_RUNPATH_SEARCH_PATHS = (
					"$(inherited)",
					"@executable_path/Frameworks",
					"@loader_path/Frameworks",
				);
				OTHER_LDFLAGS = "$(inherited)";
				PRODUCT_BUNDLE_IDENTIFIER = com.udaya.SDKSampleAppTests;
				PRODUCT_NAME = "$(TARGET_NAME)";
				SWIFT_VERSION = 5.0;
				TARGETED_DEVICE_FAMILY = "1,2";
				TEST_HOST = "$(BUILT_PRODUCTS_DIR)/SDKSampleApp.app/SDKSampleApp";
			};
			name = Release;
		};
		78C24FE625139846001ED9E3 /* Debug */ = {
			isa = XCBuildConfiguration;
			buildSettings = {
				ALWAYS_EMBED_SWIFT_STANDARD_LIBRARIES = YES;
				CODE_SIGN_STYLE = Manual;
				DEVELOPMENT_TEAM = "";
				INFOPLIST_FILE = SDKSampleAppUITests/Info.plist;
				LD_RUNPATH_SEARCH_PATHS = (
					"$(inherited)",
					"@executable_path/Frameworks",
					"@loader_path/Frameworks",
				);
				OTHER_LDFLAGS = "$(inherited)";
				PRODUCT_BUNDLE_IDENTIFIER = com.udaya.SDKSampleAppUITests;
				"PRODUCT_BUNDLE_IDENTIFIER[sdk=macosx*]" = "";
				PRODUCT_NAME = "$(TARGET_NAME)";
				PROVISIONING_PROFILE_SPECIFIER = "";
				"PROVISIONING_PROFILE_SPECIFIER[sdk=macosx*]" = "";
				SWIFT_VERSION = 5.0;
				TARGETED_DEVICE_FAMILY = "1,2";
				TEST_TARGET_NAME = SDKSampleApp;
			};
			name = Debug;
		};
		78C24FE725139846001ED9E3 /* Release */ = {
			isa = XCBuildConfiguration;
			buildSettings = {
				ALWAYS_EMBED_SWIFT_STANDARD_LIBRARIES = YES;
				CODE_SIGN_STYLE = Automatic;
				INFOPLIST_FILE = SDKSampleAppUITests/Info.plist;
				LD_RUNPATH_SEARCH_PATHS = (
					"$(inherited)",
					"@executable_path/Frameworks",
					"@loader_path/Frameworks",
				);
				OTHER_LDFLAGS = "$(inherited)";
				PRODUCT_BUNDLE_IDENTIFIER = com.udaya.SDKSampleAppUITests;
				PRODUCT_NAME = "$(TARGET_NAME)";
				SWIFT_VERSION = 5.0;
				TARGETED_DEVICE_FAMILY = "1,2";
				TEST_TARGET_NAME = SDKSampleApp;
			};
			name = Release;
		};
/* End XCBuildConfiguration section */

/* Begin XCConfigurationList section */
		78370409274E2CE700EC1F26 /* Build configuration list for PBXNativeTarget "SDKSampleAppTvOS" */ = {
			isa = XCConfigurationList;
			buildConfigurations = (
				783703F5274E2CE700EC1F26 /* Debug */,
				783703F6274E2CE700EC1F26 /* Release */,
			);
			defaultConfigurationIsVisible = 0;
			defaultConfigurationName = Release;
		};
		78B6D8E4278D751A00BBD3F5 /* Build configuration list for PBXNativeTarget "SDKSampleSwiftUI" */ = {
			isa = XCConfigurationList;
			buildConfigurations = (
				78B6D8D0278D751A00BBD3F5 /* Debug */,
				78B6D8D1278D751A00BBD3F5 /* Release */,
			);
			defaultConfigurationIsVisible = 0;
			defaultConfigurationName = Release;
		};
		78C24FB025139845001ED9E3 /* Build configuration list for PBXProject "SDKSampleApp" */ = {
			isa = XCConfigurationList;
			buildConfigurations = (
				78C24FDD25139846001ED9E3 /* Debug */,
				78C24FDE25139846001ED9E3 /* Release */,
			);
			defaultConfigurationIsVisible = 0;
			defaultConfigurationName = Release;
		};
		78C24FDF25139846001ED9E3 /* Build configuration list for PBXNativeTarget "SDKSampleApp" */ = {
			isa = XCConfigurationList;
			buildConfigurations = (
				78C24FE025139846001ED9E3 /* Debug */,
				78C24FE125139846001ED9E3 /* Release */,
			);
			defaultConfigurationIsVisible = 0;
			defaultConfigurationName = Release;
		};
		78C24FE225139846001ED9E3 /* Build configuration list for PBXNativeTarget "SDKSampleAppTests" */ = {
			isa = XCConfigurationList;
			buildConfigurations = (
				78C24FE325139846001ED9E3 /* Debug */,
				78C24FE425139846001ED9E3 /* Release */,
			);
			defaultConfigurationIsVisible = 0;
			defaultConfigurationName = Release;
		};
		78C24FE525139846001ED9E3 /* Build configuration list for PBXNativeTarget "SDKSampleAppUITests" */ = {
			isa = XCConfigurationList;
			buildConfigurations = (
				78C24FE625139846001ED9E3 /* Debug */,
				78C24FE725139846001ED9E3 /* Release */,
			);
			defaultConfigurationIsVisible = 0;
			defaultConfigurationName = Release;
		};
/* End XCConfigurationList section */

/* Begin XCRemoteSwiftPackageReference section */
		7807B3F128DDAF7300404897 /* XCRemoteSwiftPackageReference "mux-stats-sdk-avplayer" */ = {
			isa = XCRemoteSwiftPackageReference;
			repositoryURL = "https://github.com/muxinc/mux-stats-sdk-avplayer.git";
			requirement = {
				branch = master;
				kind = branch;
			};
		};
		78456DF5294AF27400BC6B65 /* XCRemoteSwiftPackageReference "LNPopupController" */ = {
			isa = XCRemoteSwiftPackageReference;
			repositoryURL = "https://github.com/LeoNatan/LNPopupController";
			requirement = {
				kind = exactVersion;
				version = 2.9.2;
			};
		};
		784FF7B6294330020098E622 /* XCRemoteSwiftPackageReference "lottie-ios" */ = {
			isa = XCRemoteSwiftPackageReference;
			repositoryURL = "https://github.com/airbnb/lottie-ios.git";
			requirement = {
				branch = master;
				kind = branch;
			};
		};
		7850403C28ACCA1D0035D509 /* XCRemoteSwiftPackageReference "iOSClientCast" */ = {
			isa = XCRemoteSwiftPackageReference;
			repositoryURL = "https://github.com/EricssonBroadcastServices/iOSClientCast.git";
			requirement = {
				branch = master;
				kind = branch;
			};
		};
/* End XCRemoteSwiftPackageReference section */

/* Begin XCSwiftPackageProductDependency section */
		7807B3F228DDAF7300404897 /* MUXSDKStats */ = {
			isa = XCSwiftPackageProductDependency;
			package = 7807B3F128DDAF7300404897 /* XCRemoteSwiftPackageReference "mux-stats-sdk-avplayer" */;
			productName = MUXSDKStats;
		};
		78456DF6294AF27400BC6B65 /* LNPopupController-Static */ = {
			isa = XCSwiftPackageProductDependency;
			package = 78456DF5294AF27400BC6B65 /* XCRemoteSwiftPackageReference "LNPopupController" */;
			productName = "LNPopupController-Static";
		};
		784FF7B7294330020098E622 /* Lottie */ = {
			isa = XCSwiftPackageProductDependency;
			package = 784FF7B6294330020098E622 /* XCRemoteSwiftPackageReference "lottie-ios" */;
			productName = Lottie;
		};
		7850403D28ACCA1D0035D509 /* iOSClientCast */ = {
			isa = XCSwiftPackageProductDependency;
			package = 7850403C28ACCA1D0035D509 /* XCRemoteSwiftPackageReference "iOSClientCast" */;
			productName = iOSClientCast;
		};
		7850404828ACE7F60035D509 /* iOSClientCast */ = {
			isa = XCSwiftPackageProductDependency;
			package = 7850403C28ACCA1D0035D509 /* XCRemoteSwiftPackageReference "iOSClientCast" */;
			productName = iOSClientCast;
		};
		7860867628C9D61D00BC3BA1 /* iOSClientExposure */ = {
			isa = XCSwiftPackageProductDependency;
			productName = iOSClientExposure;
		};
		7860867828C9D61D00BC3BA1 /* iOSClientExposurePlayback */ = {
			isa = XCSwiftPackageProductDependency;
			productName = iOSClientExposurePlayback;
		};
		7860867C28C9F68000BC3BA1 /* iOSClientExposure */ = {
			isa = XCSwiftPackageProductDependency;
			productName = iOSClientExposure;
		};
		7860867E28C9F68000BC3BA1 /* iOSClientExposurePlayback */ = {
			isa = XCSwiftPackageProductDependency;
			productName = iOSClientExposurePlayback;
		};
		7860868028C9F68000BC3BA1 /* iOSClientPlayer */ = {
			isa = XCSwiftPackageProductDependency;
			productName = iOSClientPlayer;
		};
		7860868728D088CA00BC3BA1 /* iOSClientExposureDownload */ = {
			isa = XCSwiftPackageProductDependency;
			productName = iOSClientExposureDownload;
		};
		7860868928D088D000BC3BA1 /* iOSClientDownload */ = {
			isa = XCSwiftPackageProductDependency;
			productName = iOSClientDownload;
		};
		7860868E28D08AAE00BC3BA1 /* iOSClientPlayer */ = {
			isa = XCSwiftPackageProductDependency;
			productName = iOSClientPlayer;
		};
/* End XCSwiftPackageProductDependency section */
	};
	rootObject = 78C24FAD25139845001ED9E3 /* Project object */;
}
