{
  "pins" : [
    {
      "identity" : "iosclientcast",
      "kind" : "remoteSourceControl",
      "location" : "https://github.com/EricssonBroadcastServices/iOSClientCast.git",
      "state" : {
        "branch" : "master",
        "revision" : "d1760c1e7c981be47c6b2081145d711e3773fe54"
      }
    },
    {
      "identity" : "iosclientdownload",
      "kind" : "remoteSourceControl",
      "location" : "https://github.com/EricssonBroadcastServices/iOSClientDownload",
      "state" : {
        "revision" : "b25f6d1ae6b58d6a95d8fc02b90e1dc8ccb32de1",
        "version" : "3.0.300"
      }
    },
    {
      "identity" : "iosclientexposure",
      "kind" : "remoteSourceControl",
      "location" : "https://github.com/EricssonBroadcastServices/iOSClientExposure",
      "state" : {
        "revision" : "3e6e95fa82b97897bc66f53f779e1a90d8f0a1d4",
        "version" : "3.6.0"
      }
    },
    {
      "identity" : "iosclientexposuredownload",
      "kind" : "remoteSourceControl",
      "location" : "https://github.com/EricssonBroadcastServices/iOSClientExposureDownload",
      "state" : {
        "revision" : "bf8dda726bad04ea4a2d2cce77a4f4c7244e99b9",
        "version" : "3.5.0"
      }
    },
    {
      "identity" : "iosclientexposureplayback",
      "kind" : "remoteSourceControl",
      "location" : "https://github.com/EricssonBroadcastServices/iOSClientExposurePlayback",
      "state" : {
        "revision" : "10173e85bc41e438a227e8bef45721d4f5b0fda7",
        "version" : "3.10.0"
      }
    },
    {
      "identity" : "iosclientplayer",
      "kind" : "remoteSourceControl",
      "location" : "https://github.com/EricssonBroadcastServices/iOSClientPlayer",
      "state" : {
        "revision" : "3f1cd4537a74204238f8e964ee66e7e93ba9c9b7",
        "version" : "3.2.2"
      }
    },
    {
      "identity" : "lnpopupcontroller",
      "kind" : "remoteSourceControl",
      "location" : "https://github.com/LeoNatan/LNPopupController.git",
      "state" : {
        "revision" : "0dfea7c146953f34ce3eb3d0793e90df17640891",
        "version" : "2.14.9"
      }
    },
    {
      "identity" : "lottie-ios",
      "kind" : "remoteSourceControl",
      "location" : "https://github.com/airbnb/lottie-ios.git",
      "state" : {
        "branch" : "master",
        "revision" : "70e22dd49e9015c6dc12efc75ae70e52c6f1970f"
      }
    },
    {
      "identity" : "mux-stats-sdk-avplayer",
      "kind" : "remoteSourceControl",
      "location" : "https://github.com/muxinc/mux-stats-sdk-avplayer.git",
      "state" : {
        "branch" : "master",
        "revision" : "b4a0070f35e8407a612eb975a97982aeacd8390c"
      }
    },
    {
      "identity" : "stats-sdk-objc",
      "kind" : "remoteSourceControl",
      "location" : "https://github.com/muxinc/stats-sdk-objc.git",
      "state" : {
        "revision" : "d0d52fbd917e3c169065b63f0578615046ff0822",
        "version" : "4.4.0"
      }
    }
  ],
  "version" : 2
}
