{
  "object": {
    "pins": [
      {
        "package": "CwlCatchException",
        "repositoryURL": "https://github.com/mattgallagher/CwlCatchException.git",
        "state": {
          "branch": null,
          "revision": "35f9e770f54ce62dd8526470f14c6e137cef3eea",
          "version": "2.1.1"
        }
      },
      {
        "package": "CwlPreconditionTesting",
        "repositoryURL": "https://github.com/mattgallagher/CwlPreconditionTesting.git",
        "state": {
          "branch": null,
          "revision": "c21f7bab5ca8eee0a9998bbd17ca1d0eb45d4688",
          "version": "2.1.0"
        }
      },
      {
        "package": "iOSClientCast",
        "repositoryURL": "https://github.com/EricssonBroadcastServices/iOSClientCast.git",
        "state": {
          "branch": "master",
          "revision": "4248537980710dcd1dcc8eb0e29941c5661b8cca",
          "version": null
        }
      },
      {
        "package": "LNPopupController",
        "repositoryURL": "https://github.com/LeoNatan/LNPopupController",
        "state": {
          "branch": null,
          "revision": "e163eb3b7748f55664bc1db03d2331e979ff8161",
          "version": "2.9.2"
        }
      },
      {
        "package": "Lottie",
        "repositoryURL": "https://github.com/airbnb/lottie-ios.git",
        "state": {
          "branch": "master",
          "revision": "a4622b4d6fdbe76cc5487bc27e84029abaf07217",
          "version": null
        }
      },
      {
        "package": "MUXSDKStats",
        "repositoryURL": "https://github.com/muxinc/mux-stats-sdk-avplayer.git",
        "state": {
          "branch": "master",
          "revision": "066edf7eb045426d409d4712ae18140b8026020a",
          "version": null
        }
      },
      {
        "package": "Nimble",
        "repositoryURL": "https://github.com/Quick/Nimble.git",
        "state": {
          "branch": null,
          "revision": "c93f16c25af5770f0d3e6af27c9634640946b068",
          "version": "9.2.1"
        }
      },
      {
        "package": "Quick",
        "repositoryURL": "https://github.com/Quick/Quick.git",
        "state": {
          "branch": null,
          "revision": "bd86ca0141e3cfb333546de5a11ede63f0c4a0e6",
          "version": "4.0.0"
        }
      },
      {
        "package": "MuxCore",
        "repositoryURL": "https://github.com/muxinc/stats-sdk-objc.git",
        "state": {
          "branch": null,
          "revision": "5479badb758bf9b9e8336958cc0f0308f1b3b45d",
          "version": "4.1.0"
        }
      }
    ]
  },
  "version": 1
}
